// !$*UTF8*$!
{
	archiveVersion = 1;
	classes = {
	};
	objectVersion = 70;
	objects = {

/* Begin PBXBuildFile section */
		300934832AFE7FF100973633 /* PokemonGeneration.swift in Sources */ = {isa = PBXBuildFile; fileRef = 300934822AFE7FF100973633 /* PokemonGeneration.swift */; };
		3024E27B2D26F3B4008EA73A /* LabelConfigurable.swift in Sources */ = {isa = PBXBuildFile; fileRef = 3024E27A2D26F3B4008EA73A /* LabelConfigurable.swift */; };
		3042A8952AF908B300D65D54 /* Ext+CGPoint.swift in Sources */ = {isa = PBXBuildFile; fileRef = 3042A8942AF908B300D65D54 /* Ext+CGPoint.swift */; };
		3042A8972AF908FA00D65D54 /* PokemonConfig.swift in Sources */ = {isa = PBXBuildFile; fileRef = 3042A8962AF908FA00D65D54 /* PokemonConfig.swift */; };
		304B41AB2AFD12CD00B2803B /* pikachu.mp3 in Resources */ = {isa = PBXBuildFile; fileRef = 304B41AA2AFD12CD00B2803B /* pikachu.mp3 */; };
		305FB34D2AFBD72B003804B8 /* PokemonsViewModelTests.swift in Sources */ = {isa = PBXBuildFile; fileRef = 305FB34C2AFBD72B003804B8 /* PokemonsViewModelTests.swift */; };
		305FB3542AFBE7A9003804B8 /* PokemonCellViewModelTests.swift in Sources */ = {isa = PBXBuildFile; fileRef = 305FB3532AFBE7A9003804B8 /* PokemonCellViewModelTests.swift */; };
		305FB3562AFCEA45003804B8 /* PokemonDetailViewModelTests.swift in Sources */ = {isa = PBXBuildFile; fileRef = 305FB3552AFCEA45003804B8 /* PokemonDetailViewModelTests.swift */; };
		3086F1242AF56D1C0089FA33 /* NavigationPropagation.swift in Sources */ = {isa = PBXBuildFile; fileRef = 3086F1202AF56D1C0089FA33 /* NavigationPropagation.swift */; };
		309659B12AF55DEE00B2BE78 /* AppDelegate.swift in Sources */ = {isa = PBXBuildFile; fileRef = 309659B02AF55DEE00B2BE78 /* AppDelegate.swift */; };
		309659B32AF55DEE00B2BE78 /* SceneDelegate.swift in Sources */ = {isa = PBXBuildFile; fileRef = 309659B22AF55DEE00B2BE78 /* SceneDelegate.swift */; };
		309659BA2AF55DEF00B2BE78 /* Assets.xcassets in Resources */ = {isa = PBXBuildFile; fileRef = 309659B92AF55DEF00B2BE78 /* Assets.xcassets */; };
		309659BD2AF55DEF00B2BE78 /* LaunchScreen.storyboard in Resources */ = {isa = PBXBuildFile; fileRef = 309659BB2AF55DEF00B2BE78 /* LaunchScreen.storyboard */; };
		30A230C92AFD9D0900312829 /* Ext+CLLocationCoordinate2D.swift in Sources */ = {isa = PBXBuildFile; fileRef = 30A230C82AFD9D0900312829 /* Ext+CLLocationCoordinate2D.swift */; };
		30A230CB2AFD9D2C00312829 /* Location.swift in Sources */ = {isa = PBXBuildFile; fileRef = 30A230CA2AFD9D2C00312829 /* Location.swift */; };
		30B2FA1B2AF640A200B9D94D /* Pokemon.swift in Sources */ = {isa = PBXBuildFile; fileRef = 30B2FA1A2AF640A200B9D94D /* Pokemon.swift */; };
		30B2FA212AF64A2D00B9D94D /* Localizable.strings in Resources */ = {isa = PBXBuildFile; fileRef = 30B2FA202AF64A2D00B9D94D /* Localizable.strings */; };
		30B2FA232AF64A4D00B9D94D /* Localization.swift in Sources */ = {isa = PBXBuildFile; fileRef = 30B2FA222AF64A4D00B9D94D /* Localization.swift */; };
		30B2FA382AF692CB00B9D94D /* Fonts.swift in Sources */ = {isa = PBXBuildFile; fileRef = 30B2FA372AF692CB00B9D94D /* Fonts.swift */; };
		30D0ABBE2D1EE37800AE6482 /* Swinject in Frameworks */ = {isa = PBXBuildFile; productRef = 30D0ABBD2D1EE37800AE6482 /* Swinject */; };
		30D0ABDA2D200E6000AE6482 /* SwiftUIRepresentable.swift in Sources */ = {isa = PBXBuildFile; fileRef = 30D0ABD92D200E6000AE6482 /* SwiftUIRepresentable.swift */; };
		30D0AC422D26B73700AE6482 /* Localization.swift in Sources */ = {isa = PBXBuildFile; fileRef = 30B2FA222AF64A4D00B9D94D /* Localization.swift */; };
		30DBD81B2AF82B810069F25A /* Colors.swift in Sources */ = {isa = PBXBuildFile; fileRef = 30DBD81A2AF82B810069F25A /* Colors.swift */; };
/* End PBXBuildFile section */

/* Begin PBXContainerItemProxy section */
		305FB34E2AFBD72B003804B8 /* PBXContainerItemProxy */ = {
			isa = PBXContainerItemProxy;
			containerPortal = 309659A52AF55DEE00B2BE78 /* Project object */;
			proxyType = 1;
			remoteGlobalIDString = 309659AC2AF55DEE00B2BE78;
			remoteInfo = Pokedex;
		};
/* End PBXContainerItemProxy section */

/* Begin PBXFileReference section */
		300934822AFE7FF100973633 /* PokemonGeneration.swift */ = {isa = PBXFileReference; lastKnownFileType = sourcecode.swift; path = PokemonGeneration.swift; sourceTree = "<group>"; };
		3024E27A2D26F3B4008EA73A /* LabelConfigurable.swift */ = {isa = PBXFileReference; lastKnownFileType = sourcecode.swift; path = LabelConfigurable.swift; sourceTree = "<group>"; };
		3042A8942AF908B300D65D54 /* Ext+CGPoint.swift */ = {isa = PBXFileReference; lastKnownFileType = sourcecode.swift; path = "Ext+CGPoint.swift"; sourceTree = "<group>"; };
		3042A8962AF908FA00D65D54 /* PokemonConfig.swift */ = {isa = PBXFileReference; lastKnownFileType = sourcecode.swift; path = PokemonConfig.swift; sourceTree = "<group>"; };
		304B41AA2AFD12CD00B2803B /* pikachu.mp3 */ = {isa = PBXFileReference; lastKnownFileType = audio.mp3; path = pikachu.mp3; sourceTree = "<group>"; };
		305FB34A2AFBD72B003804B8 /* PokedexTests.xctest */ = {isa = PBXFileReference; explicitFileType = wrapper.cfbundle; includeInIndex = 0; path = PokedexTests.xctest; sourceTree = BUILT_PRODUCTS_DIR; };
		305FB34C2AFBD72B003804B8 /* PokemonsViewModelTests.swift */ = {isa = PBXFileReference; lastKnownFileType = sourcecode.swift; path = PokemonsViewModelTests.swift; sourceTree = "<group>"; };
		305FB3532AFBE7A9003804B8 /* PokemonCellViewModelTests.swift */ = {isa = PBXFileReference; lastKnownFileType = sourcecode.swift; path = PokemonCellViewModelTests.swift; sourceTree = "<group>"; };
		305FB3552AFCEA45003804B8 /* PokemonDetailViewModelTests.swift */ = {isa = PBXFileReference; lastKnownFileType = sourcecode.swift; path = PokemonDetailViewModelTests.swift; sourceTree = "<group>"; };
		3086F1202AF56D1C0089FA33 /* NavigationPropagation.swift */ = {isa = PBXFileReference; lastKnownFileType = sourcecode.swift; path = NavigationPropagation.swift; sourceTree = "<group>"; };
		309659AD2AF55DEE00B2BE78 /* Pokedex.app */ = {isa = PBXFileReference; explicitFileType = wrapper.application; includeInIndex = 0; path = Pokedex.app; sourceTree = BUILT_PRODUCTS_DIR; };
		309659B02AF55DEE00B2BE78 /* AppDelegate.swift */ = {isa = PBXFileReference; lastKnownFileType = sourcecode.swift; path = AppDelegate.swift; sourceTree = "<group>"; };
		309659B22AF55DEE00B2BE78 /* SceneDelegate.swift */ = {isa = PBXFileReference; lastKnownFileType = sourcecode.swift; path = SceneDelegate.swift; sourceTree = "<group>"; };
		309659B92AF55DEF00B2BE78 /* Assets.xcassets */ = {isa = PBXFileReference; lastKnownFileType = folder.assetcatalog; path = Assets.xcassets; sourceTree = "<group>"; };
		309659BC2AF55DEF00B2BE78 /* Base */ = {isa = PBXFileReference; lastKnownFileType = file.storyboard; name = Base; path = Base.lproj/LaunchScreen.storyboard; sourceTree = "<group>"; };
		309659BE2AF55DEF00B2BE78 /* Info.plist */ = {isa = PBXFileReference; lastKnownFileType = text.plist.xml; path = Info.plist; sourceTree = "<group>"; };
		30A230C82AFD9D0900312829 /* Ext+CLLocationCoordinate2D.swift */ = {isa = PBXFileReference; lastKnownFileType = sourcecode.swift; path = "Ext+CLLocationCoordinate2D.swift"; sourceTree = "<group>"; };
		30A230CA2AFD9D2C00312829 /* Location.swift */ = {isa = PBXFileReference; lastKnownFileType = sourcecode.swift; path = Location.swift; sourceTree = "<group>"; };
		30B2FA1A2AF640A200B9D94D /* Pokemon.swift */ = {isa = PBXFileReference; lastKnownFileType = sourcecode.swift; path = Pokemon.swift; sourceTree = "<group>"; };
		30B2FA202AF64A2D00B9D94D /* Localizable.strings */ = {isa = PBXFileReference; lastKnownFileType = text.plist.strings; path = Localizable.strings; sourceTree = "<group>"; };
		30B2FA222AF64A4D00B9D94D /* Localization.swift */ = {isa = PBXFileReference; lastKnownFileType = sourcecode.swift; path = Localization.swift; sourceTree = "<group>"; };
		30B2FA372AF692CB00B9D94D /* Fonts.swift */ = {isa = PBXFileReference; lastKnownFileType = sourcecode.swift; path = Fonts.swift; sourceTree = "<group>"; };
		30D0ABD92D200E6000AE6482 /* SwiftUIRepresentable.swift */ = {isa = PBXFileReference; lastKnownFileType = sourcecode.swift; path = SwiftUIRepresentable.swift; sourceTree = "<group>"; };
		30DBD81A2AF82B810069F25A /* Colors.swift */ = {isa = PBXFileReference; lastKnownFileType = sourcecode.swift; path = Colors.swift; sourceTree = "<group>"; };
/* End PBXFileReference section */

/* Begin PBXFileSystemSynchronizedBuildFileExceptionSet section */
		3024E2A22D26F4C8008EA73A /* PBXFileSystemSynchronizedBuildFileExceptionSet */ = {
			isa = PBXFileSystemSynchronizedBuildFileExceptionSet;
			membershipExceptions = (
				APIManager/ApiConvertible.swift,
				APIManager/APIManager.swift,
				APIManager/NetworkingError.swift,
				Errors/URLRequestBuilding.swift,
			);
			target = 305FB3492AFBD72B003804B8 /* PokedexTests */;
		};
		30D0AC212D219F1900AE6482 /* PBXFileSystemSynchronizedBuildFileExceptionSet */ = {
			isa = PBXFileSystemSynchronizedBuildFileExceptionSet;
			membershipExceptions = (
				MockAPIManager.swift,
			);
			target = 309659AC2AF55DEE00B2BE78 /* Pokedex */;
		};
		30D0AC262D219FB200AE6482 /* PBXFileSystemSynchronizedBuildFileExceptionSet */ = {
			isa = PBXFileSystemSynchronizedBuildFileExceptionSet;
			membershipExceptions = (
				JSONLoader.swift,
			);
			target = 309659AC2AF55DEE00B2BE78 /* Pokedex */;
		};
		30D0AC302D26AC4300AE6482 /* PBXFileSystemSynchronizedBuildFileExceptionSet */ = {
			isa = PBXFileSystemSynchronizedBuildFileExceptionSet;
			membershipExceptions = (
				"Pokemon/GET-pokemon-1.json",
				"Pokemon/GET-pokemon-2.json",
				"Pokemon/GET-pokemon-3.json",
				"Pokemon/GET-pokemon-4.json",
				"Pokemon/GET-pokemon-5.json",
				"Pokemon/GET-pokemon-6.json",
				"Pokemon/GET-pokemon-7.json",
				"Pokemon/GET-pokemon-8.json",
				"Pokemon/GET-pokemon.json",
			);
			target = 309659AC2AF55DEE00B2BE78 /* Pokedex */;
		};
/* End PBXFileSystemSynchronizedBuildFileExceptionSet section */

/* Begin PBXFileSystemSynchronizedRootGroup section */
		3024E23B2D26DEB3008EA73A /* CacheAsyncImage */ = {isa = PBXFileSystemSynchronizedRootGroup; explicitFileTypes = {}; explicitFolders = (); path = CacheAsyncImage; sourceTree = "<group>"; };
		3024E28E2D26F4C8008EA73A /* Networking */ = {isa = PBXFileSystemSynchronizedRootGroup; exceptions = (3024E2A22D26F4C8008EA73A /* PBXFileSystemSynchronizedBuildFileExceptionSet */, ); explicitFileTypes = {}; explicitFolders = (); path = Networking; sourceTree = "<group>"; };
		3024E2BA2D26F4E3008EA73A /* UI Layer */ = {isa = PBXFileSystemSynchronizedRootGroup; explicitFileTypes = {}; explicitFolders = (); path = "UI Layer"; sourceTree = "<group>"; };
		3024E2CE2D26F4F7008EA73A /* Mocks */ = {isa = PBXFileSystemSynchronizedRootGroup; explicitFileTypes = {}; explicitFolders = (); path = Mocks; sourceTree = "<group>"; };
		3024E2D22D26F567008EA73A /* Errors */ = {isa = PBXFileSystemSynchronizedRootGroup; explicitFileTypes = {}; explicitFolders = (); path = Errors; sourceTree = "<group>"; };
		3024E2D42D2706EE008EA73A /* Images */ = {isa = PBXFileSystemSynchronizedRootGroup; explicitFileTypes = {}; explicitFolders = (); path = Images; sourceTree = "<group>"; };
		3024E2D72D2707D7008EA73A /* Constants */ = {isa = PBXFileSystemSynchronizedRootGroup; explicitFileTypes = {}; explicitFolders = (); path = Constants; sourceTree = "<group>"; };
		30D0ABB42D1EE20200AE6482 /* DIContainer */ = {isa = PBXFileSystemSynchronizedRootGroup; explicitFileTypes = {}; explicitFolders = (); path = DIContainer; sourceTree = "<group>"; };
		30D0ABCC2D20076600AE6482 /* Coordinators */ = {isa = PBXFileSystemSynchronizedRootGroup; explicitFileTypes = {}; explicitFolders = (); path = Coordinators; sourceTree = "<group>"; };
		30D0ABDB2D20105E00AE6482 /* Extensions */ = {isa = PBXFileSystemSynchronizedRootGroup; explicitFileTypes = {}; explicitFolders = (); path = Extensions; sourceTree = "<group>"; };
		30D0AC1D2D219EE600AE6482 /* APIManager */ = {isa = PBXFileSystemSynchronizedRootGroup; exceptions = (30D0AC212D219F1900AE6482 /* PBXFileSystemSynchronizedBuildFileExceptionSet */, ); explicitFileTypes = {}; explicitFolders = (); path = APIManager; sourceTree = "<group>"; };
		30D0AC222D219F9900AE6482 /* JSON */ = {isa = PBXFileSystemSynchronizedRootGroup; exceptions = (30D0AC262D219FB200AE6482 /* PBXFileSystemSynchronizedBuildFileExceptionSet */, ); explicitFileTypes = {}; explicitFolders = (); path = JSON; sourceTree = "<group>"; };
		30D0AC2B2D21A0FB00AE6482 /* Data */ = {isa = PBXFileSystemSynchronizedRootGroup; exceptions = (30D0AC302D26AC4300AE6482 /* PBXFileSystemSynchronizedBuildFileExceptionSet */, ); explicitFileTypes = {}; explicitFolders = (); path = Data; sourceTree = "<group>"; };
/* End PBXFileSystemSynchronizedRootGroup section */

/* Begin PBXFrameworksBuildPhase section */
		305FB3472AFBD72B003804B8 /* Frameworks */ = {
			isa = PBXFrameworksBuildPhase;
			buildActionMask = 2147483647;
			files = (
			);
			runOnlyForDeploymentPostprocessing = 0;
		};
		309659AA2AF55DEE00B2BE78 /* Frameworks */ = {
			isa = PBXFrameworksBuildPhase;
			buildActionMask = 2147483647;
			files = (
				30D0ABBE2D1EE37800AE6482 /* Swinject in Frameworks */,
			);
			runOnlyForDeploymentPostprocessing = 0;
		};
/* End PBXFrameworksBuildPhase section */

/* Begin PBXGroup section */
		305FB34B2AFBD72B003804B8 /* PokedexTests */ = {
			isa = PBXGroup;
			children = (
				30D0AC2B2D21A0FB00AE6482 /* Data */,
				30D0AC222D219F9900AE6482 /* JSON */,
				30D0AC1D2D219EE600AE6482 /* APIManager */,
				305FB34C2AFBD72B003804B8 /* PokemonsViewModelTests.swift */,
				305FB3552AFCEA45003804B8 /* PokemonDetailViewModelTests.swift */,
				305FB3532AFBE7A9003804B8 /* PokemonCellViewModelTests.swift */,
			);
			path = PokedexTests;
			sourceTree = "<group>";
		};
		3086F1262AF56D290089FA33 /* Helpers */ = {
			isa = PBXGroup;
			children = (
				3024E23B2D26DEB3008EA73A /* CacheAsyncImage */,
				30D0ABD92D200E6000AE6482 /* SwiftUIRepresentable.swift */,
				3086F1202AF56D1C0089FA33 /* NavigationPropagation.swift */,
				3042A8942AF908B300D65D54 /* Ext+CGPoint.swift */,
				30A230C82AFD9D0900312829 /* Ext+CLLocationCoordinate2D.swift */,
				30B2FA372AF692CB00B9D94D /* Fonts.swift */,
			);
			path = Helpers;
			sourceTree = "<group>";
		};
		309659A42AF55DEE00B2BE78 = {
			isa = PBXGroup;
			children = (
				309659AF2AF55DEE00B2BE78 /* Pokedex */,
				305FB34B2AFBD72B003804B8 /* PokedexTests */,
				30D0ABBC2D1EE37800AE6482 /* Frameworks */,
				309659AE2AF55DEE00B2BE78 /* Products */,
			);
			sourceTree = "<group>";
		};
		309659AE2AF55DEE00B2BE78 /* Products */ = {
			isa = PBXGroup;
			children = (
				309659AD2AF55DEE00B2BE78 /* Pokedex.app */,
				305FB34A2AFBD72B003804B8 /* PokedexTests.xctest */,
			);
			name = Products;
			sourceTree = "<group>";
		};
		309659AF2AF55DEE00B2BE78 /* Pokedex */ = {
			isa = PBXGroup;
			children = (
				30D0ABDB2D20105E00AE6482 /* Extensions */,
				3024E2D22D26F567008EA73A /* Errors */,
				3024E28E2D26F4C8008EA73A /* Networking */,
				30B2FA242AF64B9100B9D94D /* Model */,
				3024E2BA2D26F4E3008EA73A /* UI Layer */,
				30A230C52AFD9A7800312829 /* Resourses */,
				3086F1262AF56D290089FA33 /* Helpers */,
				3024E2CE2D26F4F7008EA73A /* Mocks */,
				30A230C62AFD9AC600312829 /* Application */,
				30D0ABCC2D20076600AE6482 /* Coordinators */,
			);
			path = Pokedex;
			sourceTree = "<group>";
		};
		30A230C52AFD9A7800312829 /* Resourses */ = {
			isa = PBXGroup;
			children = (
				309659B92AF55DEF00B2BE78 /* Assets.xcassets */,
				304B41AA2AFD12CD00B2803B /* pikachu.mp3 */,
				30DBD81A2AF82B810069F25A /* Colors.swift */,
				30A230C72AFD9B0900312829 /* Localization */,
			);
			path = Resourses;
			sourceTree = "<group>";
		};
		30A230C62AFD9AC600312829 /* Application */ = {
			isa = PBXGroup;
			children = (
				309659BB2AF55DEF00B2BE78 /* LaunchScreen.storyboard */,
				309659B02AF55DEE00B2BE78 /* AppDelegate.swift */,
				309659B22AF55DEE00B2BE78 /* SceneDelegate.swift */,
				309659BE2AF55DEF00B2BE78 /* Info.plist */,
			);
			path = Application;
			sourceTree = "<group>";
		};
		30A230C72AFD9B0900312829 /* Localization */ = {
			isa = PBXGroup;
			children = (
				30B2FA202AF64A2D00B9D94D /* Localizable.strings */,
				30B2FA222AF64A4D00B9D94D /* Localization.swift */,
			);
			path = Localization;
			sourceTree = "<group>";
		};
		30B2FA242AF64B9100B9D94D /* Model */ = {
			isa = PBXGroup;
			children = (
				3024E2D72D2707D7008EA73A /* Constants */,
				3024E2D42D2706EE008EA73A /* Images */,
				3024E27A2D26F3B4008EA73A /* LabelConfigurable.swift */,
				30D0ABB42D1EE20200AE6482 /* DIContainer */,
				30B2FA1A2AF640A200B9D94D /* Pokemon.swift */,
				30A230CA2AFD9D2C00312829 /* Location.swift */,
				3042A8962AF908FA00D65D54 /* PokemonConfig.swift */,
				300934822AFE7FF100973633 /* PokemonGeneration.swift */,
			);
			path = Model;
			sourceTree = "<group>";
		};
		30D0ABBC2D1EE37800AE6482 /* Frameworks */ = {
			isa = PBXGroup;
			children = (
			);
			name = Frameworks;
			sourceTree = "<group>";
		};
/* End PBXGroup section */

/* Begin PBXNativeTarget section */
		305FB3492AFBD72B003804B8 /* PokedexTests */ = {
			isa = PBXNativeTarget;
			buildConfigurationList = 305FB3502AFBD72B003804B8 /* Build configuration list for PBXNativeTarget "PokedexTests" */;
			buildPhases = (
				305FB3462AFBD72B003804B8 /* Sources */,
				305FB3472AFBD72B003804B8 /* Frameworks */,
				305FB3482AFBD72B003804B8 /* Resources */,
			);
			buildRules = (
			);
			dependencies = (
				305FB34F2AFBD72B003804B8 /* PBXTargetDependency */,
			);
			fileSystemSynchronizedGroups = (
				30D0AC1D2D219EE600AE6482 /* APIManager */,
				30D0AC222D219F9900AE6482 /* JSON */,
				30D0AC2B2D21A0FB00AE6482 /* Data */,
			);
			name = PokedexTests;
			productName = PokedexTests;
			productReference = 305FB34A2AFBD72B003804B8 /* PokedexTests.xctest */;
			productType = "com.apple.product-type.bundle.unit-test";
		};
		309659AC2AF55DEE00B2BE78 /* Pokedex */ = {
			isa = PBXNativeTarget;
			buildConfigurationList = 309659C12AF55DEF00B2BE78 /* Build configuration list for PBXNativeTarget "Pokedex" */;
			buildPhases = (
				309659C42AF55F9000B2BE78 /* Swift Lint */,
				309659A92AF55DEE00B2BE78 /* Sources */,
				309659AA2AF55DEE00B2BE78 /* Frameworks */,
				309659AB2AF55DEE00B2BE78 /* Resources */,
				309659C52AF55FC400B2BE78 /* Swift format */,
			);
			buildRules = (
			);
			dependencies = (
			);
			fileSystemSynchronizedGroups = (
				3024E23B2D26DEB3008EA73A /* CacheAsyncImage */,
				3024E28E2D26F4C8008EA73A /* Networking */,
				3024E2BA2D26F4E3008EA73A /* UI Layer */,
				3024E2CE2D26F4F7008EA73A /* Mocks */,
				3024E2D22D26F567008EA73A /* Errors */,
				3024E2D42D2706EE008EA73A /* Images */,
				3024E2D72D2707D7008EA73A /* Constants */,
				30D0ABB42D1EE20200AE6482 /* DIContainer */,
				30D0ABCC2D20076600AE6482 /* Coordinators */,
				30D0ABDB2D20105E00AE6482 /* Extensions */,
			);
			name = Pokedex;
			packageProductDependencies = (
				30D0ABBD2D1EE37800AE6482 /* Swinject */,
			);
			productName = Pokedex;
			productReference = 309659AD2AF55DEE00B2BE78 /* Pokedex.app */;
			productType = "com.apple.product-type.application";
		};
/* End PBXNativeTarget section */

/* Begin PBXProject section */
		309659A52AF55DEE00B2BE78 /* Project object */ = {
			isa = PBXProject;
			attributes = {
				BuildIndependentTargetsInParallel = 1;
				LastSwiftUpdateCheck = 1500;
				LastUpgradeCheck = 1500;
				TargetAttributes = {
					305FB3492AFBD72B003804B8 = {
						CreatedOnToolsVersion = 15.0.1;
						TestTargetID = 309659AC2AF55DEE00B2BE78;
					};
					309659AC2AF55DEE00B2BE78 = {
						CreatedOnToolsVersion = 15.0.1;
					};
				};
			};
			buildConfigurationList = 309659A82AF55DEE00B2BE78 /* Build configuration list for PBXProject "Pokedex" */;
			compatibilityVersion = "Xcode 14.0";
			developmentRegion = en;
			hasScannedForEncodings = 0;
			knownRegions = (
				en,
				Base,
			);
			mainGroup = 309659A42AF55DEE00B2BE78;
			packageReferences = (
				30D0ABB92D1EE29A00AE6482 /* XCRemoteSwiftPackageReference "Swinject" */,
			);
			productRefGroup = 309659AE2AF55DEE00B2BE78 /* Products */;
			projectDirPath = "";
			projectRoot = "";
			targets = (
				309659AC2AF55DEE00B2BE78 /* Pokedex */,
				305FB3492AFBD72B003804B8 /* PokedexTests */,
			);
		};
/* End PBXProject section */

/* Begin PBXResourcesBuildPhase section */
		305FB3482AFBD72B003804B8 /* Resources */ = {
			isa = PBXResourcesBuildPhase;
			buildActionMask = 2147483647;
			files = (
			);
			runOnlyForDeploymentPostprocessing = 0;
		};
		309659AB2AF55DEE00B2BE78 /* Resources */ = {
			isa = PBXResourcesBuildPhase;
			buildActionMask = 2147483647;
			files = (
				309659BD2AF55DEF00B2BE78 /* LaunchScreen.storyboard in Resources */,
				30B2FA212AF64A2D00B9D94D /* Localizable.strings in Resources */,
				304B41AB2AFD12CD00B2803B /* pikachu.mp3 in Resources */,
				309659BA2AF55DEF00B2BE78 /* Assets.xcassets in Resources */,
			);
			runOnlyForDeploymentPostprocessing = 0;
		};
/* End PBXResourcesBuildPhase section */

/* Begin PBXShellScriptBuildPhase section */
		309659C42AF55F9000B2BE78 /* Swift Lint */ = {
			isa = PBXShellScriptBuildPhase;
			alwaysOutOfDate = 1;
			buildActionMask = 2147483647;
			files = (
			);
			inputFileListPaths = (
			);
			inputPaths = (
			);
			name = "Swift Lint";
			outputFileListPaths = (
			);
			outputPaths = (
			);
			runOnlyForDeploymentPostprocessing = 0;
			shellPath = /bin/sh;
			shellScript = "export PATH=\"$PATH:/opt/homebrew/bin\"\n\nif which swiftlint > /dev/null; then\n  swiftlint --config .swiftlint.yml\nelse\n  echo \"warning: SwiftLint not installed, download from https://github.com/realm/SwiftLint\"\nfi\n";
		};
		309659C52AF55FC400B2BE78 /* Swift format */ = {
			isa = PBXShellScriptBuildPhase;
			alwaysOutOfDate = 1;
			buildActionMask = 2147483647;
			files = (
			);
			inputFileListPaths = (
			);
			inputPaths = (
			);
			name = "Swift format";
			outputFileListPaths = (
			);
			outputPaths = (
			);
			runOnlyForDeploymentPostprocessing = 0;
			shellPath = /bin/sh;
			shellScript = "if [[ \"$(uname -m)\" == arm64 ]]; then\n    export PATH=\"/opt/homebrew/bin:$PATH\"\nfi\n\nif which swiftformat > /dev/null; then\n  swiftformat --swiftversion 5.0 .\nelse\n  echo \"warning: SwiftFormat not installed, download from https://github.com/nicklockwood/SwiftFormat\"\nfi\n";
		};
/* End PBXShellScriptBuildPhase section */

/* Begin PBXSourcesBuildPhase section */
		305FB3462AFBD72B003804B8 /* Sources */ = {
			isa = PBXSourcesBuildPhase;
			buildActionMask = 2147483647;
			files = (
				305FB3542AFBE7A9003804B8 /* PokemonCellViewModelTests.swift in Sources */,
				305FB3562AFCEA45003804B8 /* PokemonDetailViewModelTests.swift in Sources */,
				30D0AC422D26B73700AE6482 /* Localization.swift in Sources */,
				305FB34D2AFBD72B003804B8 /* PokemonsViewModelTests.swift in Sources */,
			);
			runOnlyForDeploymentPostprocessing = 0;
		};
		309659A92AF55DEE00B2BE78 /* Sources */ = {
			isa = PBXSourcesBuildPhase;
			buildActionMask = 2147483647;
			files = (
				30B2FA382AF692CB00B9D94D /* Fonts.swift in Sources */,
				30DBD81B2AF82B810069F25A /* Colors.swift in Sources */,
				30D0ABDA2D200E6000AE6482 /* SwiftUIRepresentable.swift in Sources */,
				3042A8952AF908B300D65D54 /* Ext+CGPoint.swift in Sources */,
				300934832AFE7FF100973633 /* PokemonGeneration.swift in Sources */,
				30B2FA1B2AF640A200B9D94D /* Pokemon.swift in Sources */,
				3024E27B2D26F3B4008EA73A /* LabelConfigurable.swift in Sources */,
				30A230CB2AFD9D2C00312829 /* Location.swift in Sources */,
				30B2FA232AF64A4D00B9D94D /* Localization.swift in Sources */,
				309659B12AF55DEE00B2BE78 /* AppDelegate.swift in Sources */,
				30A230C92AFD9D0900312829 /* Ext+CLLocationCoordinate2D.swift in Sources */,
				3086F1242AF56D1C0089FA33 /* NavigationPropagation.swift in Sources */,
				309659B32AF55DEE00B2BE78 /* SceneDelegate.swift in Sources */,
				3042A8972AF908FA00D65D54 /* PokemonConfig.swift in Sources */,
			);
			runOnlyForDeploymentPostprocessing = 0;
		};
/* End PBXSourcesBuildPhase section */

/* Begin PBXTargetDependency section */
		305FB34F2AFBD72B003804B8 /* PBXTargetDependency */ = {
			isa = PBXTargetDependency;
			target = 309659AC2AF55DEE00B2BE78 /* Pokedex */;
			targetProxy = 305FB34E2AFBD72B003804B8 /* PBXContainerItemProxy */;
		};
/* End PBXTargetDependency section */

/* Begin PBXVariantGroup section */
		309659BB2AF55DEF00B2BE78 /* LaunchScreen.storyboard */ = {
			isa = PBXVariantGroup;
			children = (
				309659BC2AF55DEF00B2BE78 /* Base */,
			);
			name = LaunchScreen.storyboard;
			sourceTree = "<group>";
		};
/* End PBXVariantGroup section */

/* Begin XCBuildConfiguration section */
		305FB3512AFBD72B003804B8 /* Debug */ = {
			isa = XCBuildConfiguration;
			buildSettings = {
				BUNDLE_LOADER = "$(TEST_HOST)";
				CODE_SIGN_STYLE = Automatic;
				CURRENT_PROJECT_VERSION = 1;
				DEVELOPMENT_TEAM = RNQNWA79SV;
				GENERATE_INFOPLIST_FILE = YES;
				IPHONEOS_DEPLOYMENT_TARGET = 17.0;
				MARKETING_VERSION = 1.0;
				PRODUCT_BUNDLE_IDENTIFIER = com.kaffka.PokedexTests;
				PRODUCT_NAME = "$(TARGET_NAME)";
				SWIFT_EMIT_LOC_STRINGS = NO;
				SWIFT_VERSION = 5.0;
				TARGETED_DEVICE_FAMILY = "1,2";
				TEST_HOST = "$(BUILT_PRODUCTS_DIR)/Pokedex.app/$(BUNDLE_EXECUTABLE_FOLDER_PATH)/Pokedex";
			};
			name = Debug;
		};
		305FB3522AFBD72B003804B8 /* Release */ = {
			isa = XCBuildConfiguration;
			buildSettings = {
				BUNDLE_LOADER = "$(TEST_HOST)";
				CODE_SIGN_STYLE = Automatic;
				CURRENT_PROJECT_VERSION = 1;
				DEVELOPMENT_TEAM = RNQNWA79SV;
				GENERATE_INFOPLIST_FILE = YES;
				IPHONEOS_DEPLOYMENT_TARGET = 17.0;
				MARKETING_VERSION = 1.0;
				PRODUCT_BUNDLE_IDENTIFIER = com.kaffka.PokedexTests;
				PRODUCT_NAME = "$(TARGET_NAME)";
				SWIFT_EMIT_LOC_STRINGS = NO;
				SWIFT_VERSION = 5.0;
				TARGETED_DEVICE_FAMILY = "1,2";
				TEST_HOST = "$(BUILT_PRODUCTS_DIR)/Pokedex.app/$(BUNDLE_EXECUTABLE_FOLDER_PATH)/Pokedex";
			};
			name = Release;
		};
		309659BF2AF55DEF00B2BE78 /* Debug */ = {
			isa = XCBuildConfiguration;
			buildSettings = {
				ALWAYS_SEARCH_USER_PATHS = NO;
				ASSETCATALOG_COMPILER_GENERATE_SWIFT_ASSET_SYMBOL_EXTENSIONS = YES;
				CLANG_ANALYZER_NONNULL = YES;
				CLANG_ANALYZER_NUMBER_OBJECT_CONVERSION = YES_AGGRESSIVE;
				CLANG_CXX_LANGUAGE_STANDARD = "gnu++20";
				CLANG_ENABLE_MODULES = YES;
				CLANG_ENABLE_OBJC_ARC = YES;
				CLANG_ENABLE_OBJC_WEAK = YES;
				CLANG_WARN_BLOCK_CAPTURE_AUTORELEASING = YES;
				CLANG_WARN_BOOL_CONVERSION = YES;
				CLANG_WARN_COMMA = YES;
				CLANG_WARN_CONSTANT_CONVERSION = YES;
				CLANG_WARN_DEPRECATED_OBJC_IMPLEMENTATIONS = YES;
				CLANG_WARN_DIRECT_OBJC_ISA_USAGE = YES_ERROR;
				CLANG_WARN_DOCUMENTATION_COMMENTS = YES;
				CLANG_WARN_EMPTY_BODY = YES;
				CLANG_WARN_ENUM_CONVERSION = YES;
				CLANG_WARN_INFINITE_RECURSION = YES;
				CLANG_WARN_INT_CONVERSION = YES;
				CLANG_WARN_NON_LITERAL_NULL_CONVERSION = YES;
				CLANG_WARN_OBJC_IMPLICIT_RETAIN_SELF = YES;
				CLANG_WARN_OBJC_LITERAL_CONVERSION = YES;
				CLANG_WARN_OBJC_ROOT_CLASS = YES_ERROR;
				CLANG_WARN_QUOTED_INCLUDE_IN_FRAMEWORK_HEADER = YES;
				CLANG_WARN_RANGE_LOOP_ANALYSIS = YES;
				CLANG_WARN_STRICT_PROTOTYPES = YES;
				CLANG_WARN_SUSPICIOUS_MOVE = YES;
				CLANG_WARN_UNGUARDED_AVAILABILITY = YES_AGGRESSIVE;
				CLANG_WARN_UNREACHABLE_CODE = YES;
				CLANG_WARN__DUPLICATE_METHOD_MATCH = YES;
				COPY_PHASE_STRIP = NO;
				DEBUG_INFORMATION_FORMAT = dwarf;
				ENABLE_STRICT_OBJC_MSGSEND = YES;
				ENABLE_TESTABILITY = YES;
				ENABLE_USER_SCRIPT_SANDBOXING = YES;
				GCC_C_LANGUAGE_STANDARD = gnu17;
				GCC_DYNAMIC_NO_PIC = NO;
				GCC_NO_COMMON_BLOCKS = YES;
				GCC_OPTIMIZATION_LEVEL = 0;
				GCC_PREPROCESSOR_DEFINITIONS = (
					"DEBUG=1",
					"$(inherited)",
				);
				GCC_WARN_64_TO_32_BIT_CONVERSION = YES;
				GCC_WARN_ABOUT_RETURN_TYPE = YES_ERROR;
				GCC_WARN_UNDECLARED_SELECTOR = YES;
				GCC_WARN_UNINITIALIZED_AUTOS = YES_AGGRESSIVE;
				GCC_WARN_UNUSED_FUNCTION = YES;
				GCC_WARN_UNUSED_VARIABLE = YES;
				INFOPLIST_FILE = Pokedex/Application/Info.plist;
				IPHONEOS_DEPLOYMENT_TARGET = 16.4;
				LOCALIZATION_PREFERS_STRING_CATALOGS = YES;
				MTL_ENABLE_DEBUG_INFO = INCLUDE_SOURCE;
				MTL_FAST_MATH = YES;
				ONLY_ACTIVE_ARCH = YES;
				SDKROOT = iphoneos;
				SWIFT_ACTIVE_COMPILATION_CONDITIONS = "DEBUG $(inherited)";
				SWIFT_OPTIMIZATION_LEVEL = "-Onone";
			};
			name = Debug;
		};
		309659C02AF55DEF00B2BE78 /* Release */ = {
			isa = XCBuildConfiguration;
			buildSettings = {
				ALWAYS_SEARCH_USER_PATHS = NO;
				ASSETCATALOG_COMPILER_GENERATE_SWIFT_ASSET_SYMBOL_EXTENSIONS = YES;
				CLANG_ANALYZER_NONNULL = YES;
				CLANG_ANALYZER_NUMBER_OBJECT_CONVERSION = YES_AGGRESSIVE;
				CLANG_CXX_LANGUAGE_STANDARD = "gnu++20";
				CLANG_ENABLE_MODULES = YES;
				CLANG_ENABLE_OBJC_ARC = YES;
				CLANG_ENABLE_OBJC_WEAK = YES;
				CLANG_WARN_BLOCK_CAPTURE_AUTORELEASING = YES;
				CLANG_WARN_BOOL_CONVERSION = YES;
				CLANG_WARN_COMMA = YES;
				CLANG_WARN_CONSTANT_CONVERSION = YES;
				CLANG_WARN_DEPRECATED_OBJC_IMPLEMENTATIONS = YES;
				CLANG_WARN_DIRECT_OBJC_ISA_USAGE = YES_ERROR;
				CLANG_WARN_DOCUMENTATION_COMMENTS = YES;
				CLANG_WARN_EMPTY_BODY = YES;
				CLANG_WARN_ENUM_CONVERSION = YES;
				CLANG_WARN_INFINITE_RECURSION = YES;
				CLANG_WARN_INT_CONVERSION = YES;
				CLANG_WARN_NON_LITERAL_NULL_CONVERSION = YES;
				CLANG_WARN_OBJC_IMPLICIT_RETAIN_SELF = YES;
				CLANG_WARN_OBJC_LITERAL_CONVERSION = YES;
				CLANG_WARN_OBJC_ROOT_CLASS = YES_ERROR;
				CLANG_WARN_QUOTED_INCLUDE_IN_FRAMEWORK_HEADER = YES;
				CLANG_WARN_RANGE_LOOP_ANALYSIS = YES;
				CLANG_WARN_STRICT_PROTOTYPES = YES;
				CLANG_WARN_SUSPICIOUS_MOVE = YES;
				CLANG_WARN_UNGUARDED_AVAILABILITY = YES_AGGRESSIVE;
				CLANG_WARN_UNREACHABLE_CODE = YES;
				CLANG_WARN__DUPLICATE_METHOD_MATCH = YES;
				COPY_PHASE_STRIP = NO;
				DEBUG_INFORMATION_FORMAT = "dwarf-with-dsym";
				ENABLE_NS_ASSERTIONS = NO;
				ENABLE_STRICT_OBJC_MSGSEND = YES;
				ENABLE_USER_SCRIPT_SANDBOXING = YES;
				GCC_C_LANGUAGE_STANDARD = gnu17;
				GCC_NO_COMMON_BLOCKS = YES;
				GCC_WARN_64_TO_32_BIT_CONVERSION = YES;
				GCC_WARN_ABOUT_RETURN_TYPE = YES_ERROR;
				GCC_WARN_UNDECLARED_SELECTOR = YES;
				GCC_WARN_UNINITIALIZED_AUTOS = YES_AGGRESSIVE;
				GCC_WARN_UNUSED_FUNCTION = YES;
				GCC_WARN_UNUSED_VARIABLE = YES;
				INFOPLIST_FILE = Pokedex/Application/Info.plist;
				IPHONEOS_DEPLOYMENT_TARGET = 16.4;
				LOCALIZATION_PREFERS_STRING_CATALOGS = YES;
				MTL_ENABLE_DEBUG_INFO = NO;
				MTL_FAST_MATH = YES;
				SDKROOT = iphoneos;
				SWIFT_COMPILATION_MODE = wholemodule;
				VALIDATE_PRODUCT = YES;
			};
			name = Release;
		};
		309659C22AF55DEF00B2BE78 /* Debug */ = {
			isa = XCBuildConfiguration;
			buildSettings = {
				ASSETCATALOG_COMPILER_APPICON_NAME = AppIcon;
				ASSETCATALOG_COMPILER_GLOBAL_ACCENT_COLOR_NAME = AccentColor;
				CODE_SIGN_STYLE = Automatic;
				CURRENT_PROJECT_VERSION = 1;
				DEVELOPMENT_TEAM = RNQNWA79SV;
				ENABLE_USER_SCRIPT_SANDBOXING = NO;
				GENERATE_INFOPLIST_FILE = YES;
				INFOPLIST_FILE = Pokedex/Application/Info.plist;
				INFOPLIST_KEY_LSApplicationCategoryType = "";
				INFOPLIST_KEY_NSLocationWhenInUseUsageDescription = "";
				INFOPLIST_KEY_UIApplicationSupportsIndirectInputEvents = YES;
				INFOPLIST_KEY_UILaunchStoryboardName = LaunchScreen;
				INFOPLIST_KEY_UISupportedInterfaceOrientations_iPad = "UIInterfaceOrientationPortrait UIInterfaceOrientationPortraitUpsideDown UIInterfaceOrientationLandscapeLeft UIInterfaceOrientationLandscapeRight";
				INFOPLIST_KEY_UISupportedInterfaceOrientations_iPhone = "UIInterfaceOrientationPortrait UIInterfaceOrientationLandscapeLeft UIInterfaceOrientationLandscapeRight";
				IPHONEOS_DEPLOYMENT_TARGET = 17.0;
				LD_RUNPATH_SEARCH_PATHS = (
					"$(inherited)",
					"@executable_path/Frameworks",
				);
				MARKETING_VERSION = 1.0;
				PRODUCT_BUNDLE_IDENTIFIER = com.kaffka.Pokedex;
				PRODUCT_NAME = "$(TARGET_NAME)";
				SWIFT_EMIT_LOC_STRINGS = YES;
				SWIFT_VERSION = 5.0;
				TARGETED_DEVICE_FAMILY = "1,2";
			};
			name = Debug;
		};
		309659C32AF55DEF00B2BE78 /* Release */ = {
			isa = XCBuildConfiguration;
			buildSettings = {
				ASSETCATALOG_COMPILER_APPICON_NAME = AppIcon;
				ASSETCATALOG_COMPILER_GLOBAL_ACCENT_COLOR_NAME = AccentColor;
				CODE_SIGN_STYLE = Automatic;
				CURRENT_PROJECT_VERSION = 1;
				DEVELOPMENT_TEAM = RNQNWA79SV;
				ENABLE_USER_SCRIPT_SANDBOXING = NO;
				GENERATE_INFOPLIST_FILE = YES;
				INFOPLIST_FILE = Pokedex/Application/Info.plist;
				INFOPLIST_KEY_LSApplicationCategoryType = "";
				INFOPLIST_KEY_NSLocationWhenInUseUsageDescription = "";
				INFOPLIST_KEY_UIApplicationSupportsIndirectInputEvents = YES;
				INFOPLIST_KEY_UILaunchStoryboardName = LaunchScreen;
				INFOPLIST_KEY_UISupportedInterfaceOrientations_iPad = "UIInterfaceOrientationPortrait UIInterfaceOrientationPortraitUpsideDown UIInterfaceOrientationLandscapeLeft UIInterfaceOrientationLandscapeRight";
				INFOPLIST_KEY_UISupportedInterfaceOrientations_iPhone = "UIInterfaceOrientationPortrait UIInterfaceOrientationLandscapeLeft UIInterfaceOrientationLandscapeRight";
				IPHONEOS_DEPLOYMENT_TARGET = 17.0;
				LD_RUNPATH_SEARCH_PATHS = (
					"$(inherited)",
					"@executable_path/Frameworks",
				);
				MARKETING_VERSION = 1.0;
				PRODUCT_BUNDLE_IDENTIFIER = com.kaffka.Pokedex;
				PRODUCT_NAME = "$(TARGET_NAME)";
				SWIFT_EMIT_LOC_STRINGS = YES;
				SWIFT_VERSION = 5.0;
				TARGETED_DEVICE_FAMILY = "1,2";
			};
			name = Release;
		};
/* End XCBuildConfiguration section */

/* Begin XCConfigurationList section */
		305FB3502AFBD72B003804B8 /* Build configuration list for PBXNativeTarget "PokedexTests" */ = {
			isa = XCConfigurationList;
			buildConfigurations = (
				305FB3512AFBD72B003804B8 /* Debug */,
				305FB3522AFBD72B003804B8 /* Release */,
			);
			defaultConfigurationIsVisible = 0;
			defaultConfigurationName = Release;
		};
		309659A82AF55DEE00B2BE78 /* Build configuration list for PBXProject "Pokedex" */ = {
			isa = XCConfigurationList;
			buildConfigurations = (
				309659BF2AF55DEF00B2BE78 /* Debug */,
				309659C02AF55DEF00B2BE78 /* Release */,
			);
			defaultConfigurationIsVisible = 0;
			defaultConfigurationName = Release;
		};
		309659C12AF55DEF00B2BE78 /* Build configuration list for PBXNativeTarget "Pokedex" */ = {
			isa = XCConfigurationList;
			buildConfigurations = (
				309659C22AF55DEF00B2BE78 /* Debug */,
				309659C32AF55DEF00B2BE78 /* Release */,
			);
			defaultConfigurationIsVisible = 0;
			defaultConfigurationName = Release;
		};
/* End XCConfigurationList section */

/* Begin XCRemoteSwiftPackageReference section */
		30D0ABB92D1EE29A00AE6482 /* XCRemoteSwiftPackageReference "Swinject" */ = {
			isa = XCRemoteSwiftPackageReference;
			repositoryURL = "https://github.com/Swinject/Swinject.git";
			requirement = {
				kind = upToNextMajorVersion;
				minimumVersion = 2.9.1;
			};
		};
/* End XCRemoteSwiftPackageReference section */

/* Begin XCSwiftPackageProductDependency section */
		30D0ABBD2D1EE37800AE6482 /* Swinject */ = {
			isa = XCSwiftPackageProductDependency;
			package = 30D0ABB92D1EE29A00AE6482 /* XCRemoteSwiftPackageReference "Swinject" */;
			productName = Swinject;
		};
/* End XCSwiftPackageProductDependency section */
	};
	rootObject = 309659A52AF55DEE00B2BE78 /* Project object */;
}
