// !$*UTF8*$!
{
	archiveVersion = 1;
	classes = {
	};
	objectVersion = 56;
	objects = {

/* Begin PBXBuildFile section */
		3042A8912AF8491600D65D54 /* GrayImage.swift in Sources */ = {isa = PBXBuildFile; fileRef = 3042A8902AF8491600D65D54 /* GrayImage.swift */; };
		3042A8932AF8F32D00D65D54 /* HeadLineLabel.swift in Sources */ = {isa = PBXBuildFile; fileRef = 3042A8922AF8F32D00D65D54 /* HeadLineLabel.swift */; };
		3042A8952AF908B300D65D54 /* Ext+CGPoint.swift in Sources */ = {isa = PBXBuildFile; fileRef = 3042A8942AF908B300D65D54 /* Ext+CGPoint.swift */; };
		3042A8972AF908FA00D65D54 /* PokemonConfig.swift in Sources */ = {isa = PBXBuildFile; fileRef = 3042A8962AF908FA00D65D54 /* PokemonConfig.swift */; };
		3042A8992AF9115B00D65D54 /* FilterView.swift in Sources */ = {isa = PBXBuildFile; fileRef = 3042A8982AF9115B00D65D54 /* FilterView.swift */; };
		3042A89E2AF91BD600D65D54 /* FilterViewModel.swift in Sources */ = {isa = PBXBuildFile; fileRef = 3042A89D2AF91BD600D65D54 /* FilterViewModel.swift */; };
		3042A8A02AF91C6500D65D54 /* CapsuleButton.swift in Sources */ = {isa = PBXBuildFile; fileRef = 3042A89F2AF91C6500D65D54 /* CapsuleButton.swift */; };
		304B41AB2AFD12CD00B2803B /* pikachu.mp3 in Resources */ = {isa = PBXBuildFile; fileRef = 304B41AA2AFD12CD00B2803B /* pikachu.mp3 */; };
		304B41B02AFD8D6500B2803B /* MockLocation.swift in Sources */ = {isa = PBXBuildFile; fileRef = 304B41AF2AFD8D6500B2803B /* MockLocation.swift */; };
		305FB3442AFBD071003804B8 /* MockPokemonsAPI.swift in Sources */ = {isa = PBXBuildFile; fileRef = 305FB3432AFBD071003804B8 /* MockPokemonsAPI.swift */; };
		305FB34D2AFBD72B003804B8 /* PokemonsViewModelTests.swift in Sources */ = {isa = PBXBuildFile; fileRef = 305FB34C2AFBD72B003804B8 /* PokemonsViewModelTests.swift */; };
		305FB3542AFBE7A9003804B8 /* PokemonCellViewModelTests.swift in Sources */ = {isa = PBXBuildFile; fileRef = 305FB3532AFBE7A9003804B8 /* PokemonCellViewModelTests.swift */; };
		305FB3562AFCEA45003804B8 /* PokemonDetailViewModelTests.swift in Sources */ = {isa = PBXBuildFile; fileRef = 305FB3552AFCEA45003804B8 /* PokemonDetailViewModelTests.swift */; };
		305FB3582AFCF252003804B8 /* MockPokemon.swift in Sources */ = {isa = PBXBuildFile; fileRef = 305FB3572AFCF252003804B8 /* MockPokemon.swift */; };
		3086F0FF2AF567BF0089FA33 /* APIClient.swift in Sources */ = {isa = PBXBuildFile; fileRef = 3086F0FE2AF567BF0089FA33 /* APIClient.swift */; };
		3086F1012AF567E00089FA33 /* APIRouter.swift in Sources */ = {isa = PBXBuildFile; fileRef = 3086F1002AF567E00089FA33 /* APIRouter.swift */; };
		3086F1052AF5681E0089FA33 /* NetworkingExtensions.swift in Sources */ = {isa = PBXBuildFile; fileRef = 3086F1042AF5681E0089FA33 /* NetworkingExtensions.swift */; };
		3086F1082AF568620089FA33 /* APIError.swift in Sources */ = {isa = PBXBuildFile; fileRef = 3086F1072AF568620089FA33 /* APIError.swift */; };
		3086F10A2AF568760089FA33 /* APIErrorCode.swift in Sources */ = {isa = PBXBuildFile; fileRef = 3086F1092AF568760089FA33 /* APIErrorCode.swift */; };
		3086F10C2AF568880089FA33 /* APIErrorResponse.swift in Sources */ = {isa = PBXBuildFile; fileRef = 3086F10B2AF568880089FA33 /* APIErrorResponse.swift */; };
		3086F10F2AF568E90089FA33 /* Service.swift in Sources */ = {isa = PBXBuildFile; fileRef = 3086F10E2AF568E90089FA33 /* Service.swift */; };
		3086F1112AF569040089FA33 /* Router.swift in Sources */ = {isa = PBXBuildFile; fileRef = 3086F1102AF569040089FA33 /* Router.swift */; };
		3086F1132AF5692B0089FA33 /* URLRequestBuilding.swift in Sources */ = {isa = PBXBuildFile; fileRef = 3086F1122AF5692B0089FA33 /* URLRequestBuilding.swift */; };
		3086F1162AF56AA30089FA33 /* MainCoordinator.swift in Sources */ = {isa = PBXBuildFile; fileRef = 3086F1152AF56AA30089FA33 /* MainCoordinator.swift */; };
		3086F1192AF56BF90089FA33 /* PokemonsCoordinator.swift in Sources */ = {isa = PBXBuildFile; fileRef = 3086F1182AF56BF90089FA33 /* PokemonsCoordinator.swift */; };
		3086F11B2AF56C250089FA33 /* PokemonsView.swift in Sources */ = {isa = PBXBuildFile; fileRef = 3086F11A2AF56C250089FA33 /* PokemonsView.swift */; };
		3086F11D2AF56C3A0089FA33 /* PokemonsViewModel.swift in Sources */ = {isa = PBXBuildFile; fileRef = 3086F11C2AF56C3A0089FA33 /* PokemonsViewModel.swift */; };
		3086F1232AF56D1C0089FA33 /* HostingController.swift in Sources */ = {isa = PBXBuildFile; fileRef = 3086F1222AF56D1C0089FA33 /* HostingController.swift */; };
		3086F1242AF56D1C0089FA33 /* NavigationPropagation.swift in Sources */ = {isa = PBXBuildFile; fileRef = 3086F1202AF56D1C0089FA33 /* NavigationPropagation.swift */; };
		309659B12AF55DEE00B2BE78 /* AppDelegate.swift in Sources */ = {isa = PBXBuildFile; fileRef = 309659B02AF55DEE00B2BE78 /* AppDelegate.swift */; };
		309659B32AF55DEE00B2BE78 /* SceneDelegate.swift in Sources */ = {isa = PBXBuildFile; fileRef = 309659B22AF55DEE00B2BE78 /* SceneDelegate.swift */; };
		309659BA2AF55DEF00B2BE78 /* Assets.xcassets in Resources */ = {isa = PBXBuildFile; fileRef = 309659B92AF55DEF00B2BE78 /* Assets.xcassets */; };
		309659BD2AF55DEF00B2BE78 /* LaunchScreen.storyboard in Resources */ = {isa = PBXBuildFile; fileRef = 309659BB2AF55DEF00B2BE78 /* LaunchScreen.storyboard */; };
		30B2FA1B2AF640A200B9D94D /* Pokemon.swift in Sources */ = {isa = PBXBuildFile; fileRef = 30B2FA1A2AF640A200B9D94D /* Pokemon.swift */; };
		30B2FA1D2AF644BC00B9D94D /* PokemonsAPI.swift in Sources */ = {isa = PBXBuildFile; fileRef = 30B2FA1C2AF644BB00B9D94D /* PokemonsAPI.swift */; };
		30B2FA1F2AF6459C00B9D94D /* PokemonsDataRouter.swift in Sources */ = {isa = PBXBuildFile; fileRef = 30B2FA1E2AF6459C00B9D94D /* PokemonsDataRouter.swift */; };
		30B2FA212AF64A2D00B9D94D /* Localizable.strings in Resources */ = {isa = PBXBuildFile; fileRef = 30B2FA202AF64A2D00B9D94D /* Localizable.strings */; };
		30B2FA232AF64A4D00B9D94D /* Localization.swift in Sources */ = {isa = PBXBuildFile; fileRef = 30B2FA222AF64A4D00B9D94D /* Localization.swift */; };
		30B2FA262AF64BA700B9D94D /* Errors.swift in Sources */ = {isa = PBXBuildFile; fileRef = 30B2FA252AF64BA700B9D94D /* Errors.swift */; };
		30B2FA282AF64BC900B9D94D /* AlertConfig.swift in Sources */ = {isa = PBXBuildFile; fileRef = 30B2FA272AF64BC900B9D94D /* AlertConfig.swift */; };
		30B2FA2B2AF6505300B9D94D /* PokemonCell.swift in Sources */ = {isa = PBXBuildFile; fileRef = 30B2FA2A2AF6505300B9D94D /* PokemonCell.swift */; };
		30B2FA2E2AF6508500B9D94D /* Nuke in Frameworks */ = {isa = PBXBuildFile; productRef = 30B2FA2D2AF6508500B9D94D /* Nuke */; };
		30B2FA302AF6508500B9D94D /* NukeExtensions in Frameworks */ = {isa = PBXBuildFile; productRef = 30B2FA2F2AF6508500B9D94D /* NukeExtensions */; };
		30B2FA322AF6508500B9D94D /* NukeUI in Frameworks */ = {isa = PBXBuildFile; productRef = 30B2FA312AF6508500B9D94D /* NukeUI */; };
		30B2FA342AF6508500B9D94D /* NukeVideo in Frameworks */ = {isa = PBXBuildFile; productRef = 30B2FA332AF6508500B9D94D /* NukeVideo */; };
		30B2FA362AF658FE00B9D94D /* PokemonCellViewModel.swift in Sources */ = {isa = PBXBuildFile; fileRef = 30B2FA352AF658FE00B9D94D /* PokemonCellViewModel.swift */; };
		30B2FA382AF692CB00B9D94D /* Fonts.swift in Sources */ = {isa = PBXBuildFile; fileRef = 30B2FA372AF692CB00B9D94D /* Fonts.swift */; };
		30B2FA3C2AF6B3CD00B9D94D /* Assets.swift in Sources */ = {isa = PBXBuildFile; fileRef = 30B2FA3B2AF6B3CD00B9D94D /* Assets.swift */; };
		30C552052AF6BE76005D1DB8 /* CapsuleText.swift in Sources */ = {isa = PBXBuildFile; fileRef = 30C552042AF6BE76005D1DB8 /* CapsuleText.swift */; };
		30C552082AF7984D005D1DB8 /* PokemonDetailView.swift in Sources */ = {isa = PBXBuildFile; fileRef = 30C552072AF7984D005D1DB8 /* PokemonDetailView.swift */; };
		30C5520A2AF7A0BC005D1DB8 /* PokemonDetailViewModel.swift in Sources */ = {isa = PBXBuildFile; fileRef = 30C552092AF7A0BC005D1DB8 /* PokemonDetailViewModel.swift */; };
		30DBD81B2AF82B810069F25A /* Colors.swift in Sources */ = {isa = PBXBuildFile; fileRef = 30DBD81A2AF82B810069F25A /* Colors.swift */; };
		30DBD81D2AF83A720069F25A /* VerticalLabel.swift in Sources */ = {isa = PBXBuildFile; fileRef = 30DBD81C2AF83A720069F25A /* VerticalLabel.swift */; };
		30DBD81F2AF83DD20069F25A /* HorizontalLabel.swift in Sources */ = {isa = PBXBuildFile; fileRef = 30DBD81E2AF83DD20069F25A /* HorizontalLabel.swift */; };
/* End PBXBuildFile section */

/* Begin PBXContainerItemProxy section */
		305FB34E2AFBD72B003804B8 /* PBXContainerItemProxy */ = {
			isa = PBXContainerItemProxy;
			containerPortal = 309659A52AF55DEE00B2BE78 /* Project object */;
			proxyType = 1;
			remoteGlobalIDString = 309659AC2AF55DEE00B2BE78;
			remoteInfo = Pokedex;
		};
/* End PBXContainerItemProxy section */

/* Begin PBXFileReference section */
		3042A8902AF8491600D65D54 /* GrayImage.swift */ = {isa = PBXFileReference; lastKnownFileType = sourcecode.swift; path = GrayImage.swift; sourceTree = "<group>"; };
		3042A8922AF8F32D00D65D54 /* HeadLineLabel.swift */ = {isa = PBXFileReference; lastKnownFileType = sourcecode.swift; path = HeadLineLabel.swift; sourceTree = "<group>"; };
		3042A8942AF908B300D65D54 /* Ext+CGPoint.swift */ = {isa = PBXFileReference; lastKnownFileType = sourcecode.swift; path = "Ext+CGPoint.swift"; sourceTree = "<group>"; };
		3042A8962AF908FA00D65D54 /* PokemonConfig.swift */ = {isa = PBXFileReference; lastKnownFileType = sourcecode.swift; path = PokemonConfig.swift; sourceTree = "<group>"; };
		3042A8982AF9115B00D65D54 /* FilterView.swift */ = {isa = PBXFileReference; lastKnownFileType = sourcecode.swift; path = FilterView.swift; sourceTree = "<group>"; };
		3042A89D2AF91BD600D65D54 /* FilterViewModel.swift */ = {isa = PBXFileReference; lastKnownFileType = sourcecode.swift; path = FilterViewModel.swift; sourceTree = "<group>"; };
		3042A89F2AF91C6500D65D54 /* CapsuleButton.swift */ = {isa = PBXFileReference; lastKnownFileType = sourcecode.swift; path = CapsuleButton.swift; sourceTree = "<group>"; };
		304B41AA2AFD12CD00B2803B /* pikachu.mp3 */ = {isa = PBXFileReference; lastKnownFileType = audio.mp3; path = pikachu.mp3; sourceTree = "<group>"; };
		304B41AF2AFD8D6500B2803B /* MockLocation.swift */ = {isa = PBXFileReference; lastKnownFileType = sourcecode.swift; path = MockLocation.swift; sourceTree = "<group>"; };
		305FB3432AFBD071003804B8 /* MockPokemonsAPI.swift */ = {isa = PBXFileReference; lastKnownFileType = sourcecode.swift; path = MockPokemonsAPI.swift; sourceTree = "<group>"; };
		305FB34A2AFBD72B003804B8 /* PokedexTests.xctest */ = {isa = PBXFileReference; explicitFileType = wrapper.cfbundle; includeInIndex = 0; path = PokedexTests.xctest; sourceTree = BUILT_PRODUCTS_DIR; };
		305FB34C2AFBD72B003804B8 /* PokemonsViewModelTests.swift */ = {isa = PBXFileReference; lastKnownFileType = sourcecode.swift; path = PokemonsViewModelTests.swift; sourceTree = "<group>"; };
		305FB3532AFBE7A9003804B8 /* PokemonCellViewModelTests.swift */ = {isa = PBXFileReference; lastKnownFileType = sourcecode.swift; path = PokemonCellViewModelTests.swift; sourceTree = "<group>"; };
		305FB3552AFCEA45003804B8 /* PokemonDetailViewModelTests.swift */ = {isa = PBXFileReference; lastKnownFileType = sourcecode.swift; path = PokemonDetailViewModelTests.swift; sourceTree = "<group>"; };
		305FB3572AFCF252003804B8 /* MockPokemon.swift */ = {isa = PBXFileReference; lastKnownFileType = sourcecode.swift; path = MockPokemon.swift; sourceTree = "<group>"; };
		3086F0FE2AF567BF0089FA33 /* APIClient.swift */ = {isa = PBXFileReference; lastKnownFileType = sourcecode.swift; path = APIClient.swift; sourceTree = "<group>"; };
		3086F1002AF567E00089FA33 /* APIRouter.swift */ = {isa = PBXFileReference; lastKnownFileType = sourcecode.swift; path = APIRouter.swift; sourceTree = "<group>"; };
		3086F1042AF5681E0089FA33 /* NetworkingExtensions.swift */ = {isa = PBXFileReference; lastKnownFileType = sourcecode.swift; path = NetworkingExtensions.swift; sourceTree = "<group>"; };
		3086F1072AF568620089FA33 /* APIError.swift */ = {isa = PBXFileReference; lastKnownFileType = sourcecode.swift; path = APIError.swift; sourceTree = "<group>"; };
		3086F1092AF568760089FA33 /* APIErrorCode.swift */ = {isa = PBXFileReference; lastKnownFileType = sourcecode.swift; path = APIErrorCode.swift; sourceTree = "<group>"; };
		3086F10B2AF568880089FA33 /* APIErrorResponse.swift */ = {isa = PBXFileReference; lastKnownFileType = sourcecode.swift; path = APIErrorResponse.swift; sourceTree = "<group>"; };
		3086F10E2AF568E90089FA33 /* Service.swift */ = {isa = PBXFileReference; lastKnownFileType = sourcecode.swift; path = Service.swift; sourceTree = "<group>"; };
		3086F1102AF569040089FA33 /* Router.swift */ = {isa = PBXFileReference; lastKnownFileType = sourcecode.swift; path = Router.swift; sourceTree = "<group>"; };
		3086F1122AF5692B0089FA33 /* URLRequestBuilding.swift */ = {isa = PBXFileReference; lastKnownFileType = sourcecode.swift; path = URLRequestBuilding.swift; sourceTree = "<group>"; };
		3086F1152AF56AA30089FA33 /* MainCoordinator.swift */ = {isa = PBXFileReference; lastKnownFileType = sourcecode.swift; path = MainCoordinator.swift; sourceTree = "<group>"; };
		3086F1182AF56BF90089FA33 /* PokemonsCoordinator.swift */ = {isa = PBXFileReference; lastKnownFileType = sourcecode.swift; path = PokemonsCoordinator.swift; sourceTree = "<group>"; };
		3086F11A2AF56C250089FA33 /* PokemonsView.swift */ = {isa = PBXFileReference; lastKnownFileType = sourcecode.swift; path = PokemonsView.swift; sourceTree = "<group>"; };
		3086F11C2AF56C3A0089FA33 /* PokemonsViewModel.swift */ = {isa = PBXFileReference; lastKnownFileType = sourcecode.swift; path = PokemonsViewModel.swift; sourceTree = "<group>"; };
		3086F1202AF56D1C0089FA33 /* NavigationPropagation.swift */ = {isa = PBXFileReference; lastKnownFileType = sourcecode.swift; path = NavigationPropagation.swift; sourceTree = "<group>"; };
		3086F1222AF56D1C0089FA33 /* HostingController.swift */ = {isa = PBXFileReference; lastKnownFileType = sourcecode.swift; path = HostingController.swift; sourceTree = "<group>"; };
		309659AD2AF55DEE00B2BE78 /* Pokedex.app */ = {isa = PBXFileReference; explicitFileType = wrapper.application; includeInIndex = 0; path = Pokedex.app; sourceTree = BUILT_PRODUCTS_DIR; };
		309659B02AF55DEE00B2BE78 /* AppDelegate.swift */ = {isa = PBXFileReference; lastKnownFileType = sourcecode.swift; path = AppDelegate.swift; sourceTree = "<group>"; };
		309659B22AF55DEE00B2BE78 /* SceneDelegate.swift */ = {isa = PBXFileReference; lastKnownFileType = sourcecode.swift; path = SceneDelegate.swift; sourceTree = "<group>"; };
		309659B92AF55DEF00B2BE78 /* Assets.xcassets */ = {isa = PBXFileReference; lastKnownFileType = folder.assetcatalog; path = Assets.xcassets; sourceTree = "<group>"; };
		309659BC2AF55DEF00B2BE78 /* Base */ = {isa = PBXFileReference; lastKnownFileType = file.storyboard; name = Base; path = Base.lproj/LaunchScreen.storyboard; sourceTree = "<group>"; };
		309659BE2AF55DEF00B2BE78 /* Info.plist */ = {isa = PBXFileReference; lastKnownFileType = text.plist.xml; path = Info.plist; sourceTree = "<group>"; };
		30B2FA1A2AF640A200B9D94D /* Pokemon.swift */ = {isa = PBXFileReference; lastKnownFileType = sourcecode.swift; path = Pokemon.swift; sourceTree = "<group>"; };
		30B2FA1C2AF644BB00B9D94D /* PokemonsAPI.swift */ = {isa = PBXFileReference; lastKnownFileType = sourcecode.swift; path = PokemonsAPI.swift; sourceTree = "<group>"; };
		30B2FA1E2AF6459C00B9D94D /* PokemonsDataRouter.swift */ = {isa = PBXFileReference; lastKnownFileType = sourcecode.swift; path = PokemonsDataRouter.swift; sourceTree = "<group>"; };
		30B2FA202AF64A2D00B9D94D /* Localizable.strings */ = {isa = PBXFileReference; lastKnownFileType = text.plist.strings; path = Localizable.strings; sourceTree = "<group>"; };
		30B2FA222AF64A4D00B9D94D /* Localization.swift */ = {isa = PBXFileReference; lastKnownFileType = sourcecode.swift; path = Localization.swift; sourceTree = "<group>"; };
		30B2FA252AF64BA700B9D94D /* Errors.swift */ = {isa = PBXFileReference; lastKnownFileType = sourcecode.swift; path = Errors.swift; sourceTree = "<group>"; };
		30B2FA272AF64BC900B9D94D /* AlertConfig.swift */ = {isa = PBXFileReference; lastKnownFileType = sourcecode.swift; path = AlertConfig.swift; sourceTree = "<group>"; };
		30B2FA2A2AF6505300B9D94D /* PokemonCell.swift */ = {isa = PBXFileReference; lastKnownFileType = sourcecode.swift; path = PokemonCell.swift; sourceTree = "<group>"; };
		30B2FA352AF658FE00B9D94D /* PokemonCellViewModel.swift */ = {isa = PBXFileReference; lastKnownFileType = sourcecode.swift; path = PokemonCellViewModel.swift; sourceTree = "<group>"; };
		30B2FA372AF692CB00B9D94D /* Fonts.swift */ = {isa = PBXFileReference; lastKnownFileType = sourcecode.swift; path = Fonts.swift; sourceTree = "<group>"; };
		30B2FA3B2AF6B3CD00B9D94D /* Assets.swift */ = {isa = PBXFileReference; lastKnownFileType = sourcecode.swift; path = Assets.swift; sourceTree = "<group>"; };
		30C552042AF6BE76005D1DB8 /* CapsuleText.swift */ = {isa = PBXFileReference; lastKnownFileType = sourcecode.swift; path = CapsuleText.swift; sourceTree = "<group>"; };
		30C552072AF7984D005D1DB8 /* PokemonDetailView.swift */ = {isa = PBXFileReference; lastKnownFileType = sourcecode.swift; path = PokemonDetailView.swift; sourceTree = "<group>"; };
		30C552092AF7A0BC005D1DB8 /* PokemonDetailViewModel.swift */ = {isa = PBXFileReference; lastKnownFileType = sourcecode.swift; path = PokemonDetailViewModel.swift; sourceTree = "<group>"; };
		30DBD81A2AF82B810069F25A /* Colors.swift */ = {isa = PBXFileReference; lastKnownFileType = sourcecode.swift; path = Colors.swift; sourceTree = "<group>"; };
		30DBD81C2AF83A720069F25A /* VerticalLabel.swift */ = {isa = PBXFileReference; lastKnownFileType = sourcecode.swift; path = VerticalLabel.swift; sourceTree = "<group>"; };
		30DBD81E2AF83DD20069F25A /* HorizontalLabel.swift */ = {isa = PBXFileReference; lastKnownFileType = sourcecode.swift; path = HorizontalLabel.swift; sourceTree = "<group>"; };
/* End PBXFileReference section */

/* Begin PBXFrameworksBuildPhase section */
		305FB3472AFBD72B003804B8 /* Frameworks */ = {
			isa = PBXFrameworksBuildPhase;
			buildActionMask = 2147483647;
			files = (
			);
			runOnlyForDeploymentPostprocessing = 0;
		};
		309659AA2AF55DEE00B2BE78 /* Frameworks */ = {
			isa = PBXFrameworksBuildPhase;
			buildActionMask = 2147483647;
			files = (
				30B2FA2E2AF6508500B9D94D /* Nuke in Frameworks */,
				30B2FA342AF6508500B9D94D /* NukeVideo in Frameworks */,
				30B2FA302AF6508500B9D94D /* NukeExtensions in Frameworks */,
				30B2FA322AF6508500B9D94D /* NukeUI in Frameworks */,
			);
			runOnlyForDeploymentPostprocessing = 0;
		};
/* End PBXFrameworksBuildPhase section */

/* Begin PBXGroup section */
		3042A89A2AF91B8100D65D54 /* Pokemons */ = {
			isa = PBXGroup;
			children = (
				30B2FA2A2AF6505300B9D94D /* PokemonCell.swift */,
				30B2FA352AF658FE00B9D94D /* PokemonCellViewModel.swift */,
				3086F11A2AF56C250089FA33 /* PokemonsView.swift */,
				3086F11C2AF56C3A0089FA33 /* PokemonsViewModel.swift */,
			);
			path = Pokemons;
			sourceTree = "<group>";
		};
		3042A89B2AF91B8D00D65D54 /* PokemonDetail */ = {
			isa = PBXGroup;
			children = (
				30C552072AF7984D005D1DB8 /* PokemonDetailView.swift */,
				30C552092AF7A0BC005D1DB8 /* PokemonDetailViewModel.swift */,
			);
			path = PokemonDetail;
			sourceTree = "<group>";
		};
		3042A89C2AF91B9D00D65D54 /* Settings */ = {
			isa = PBXGroup;
			children = (
				3042A8982AF9115B00D65D54 /* FilterView.swift */,
				3042A89D2AF91BD600D65D54 /* FilterViewModel.swift */,
			);
			path = Settings;
			sourceTree = "<group>";
		};
		304B41AE2AFD175600B2803B /* Services */ = {
			isa = PBXGroup;
			children = (
			);
			path = Services;
			sourceTree = "<group>";
		};
		305FB3452AFBD07E003804B8 /* Mocks */ = {
			isa = PBXGroup;
			children = (
				305FB3432AFBD071003804B8 /* MockPokemonsAPI.swift */,
				304B41AF2AFD8D6500B2803B /* MockLocation.swift */,
				305FB3572AFCF252003804B8 /* MockPokemon.swift */,
			);
			path = Mocks;
			sourceTree = "<group>";
		};
		305FB34B2AFBD72B003804B8 /* PokedexTests */ = {
			isa = PBXGroup;
			children = (
				305FB34C2AFBD72B003804B8 /* PokemonsViewModelTests.swift */,
				305FB3552AFCEA45003804B8 /* PokemonDetailViewModelTests.swift */,
				305FB3532AFBE7A9003804B8 /* PokemonCellViewModelTests.swift */,
			);
			path = PokedexTests;
			sourceTree = "<group>";
		};
		3086F1062AF568310089FA33 /* Networking */ = {
			isa = PBXGroup;
			children = (
				3086F0FE2AF567BF0089FA33 /* APIClient.swift */,
				3086F1002AF567E00089FA33 /* APIRouter.swift */,
				3086F1042AF5681E0089FA33 /* NetworkingExtensions.swift */,
				30B2FA1C2AF644BB00B9D94D /* PokemonsAPI.swift */,
				30B2FA1E2AF6459C00B9D94D /* PokemonsDataRouter.swift */,
				3086F10D2AF568CE0089FA33 /* Errors */,
			);
			path = Networking;
			sourceTree = "<group>";
		};
		3086F10D2AF568CE0089FA33 /* Errors */ = {
			isa = PBXGroup;
			children = (
				3086F1072AF568620089FA33 /* APIError.swift */,
				3086F1092AF568760089FA33 /* APIErrorCode.swift */,
				3086F10B2AF568880089FA33 /* APIErrorResponse.swift */,
				3086F1142AF5694A0089FA33 /* Base */,
				3086F1122AF5692B0089FA33 /* URLRequestBuilding.swift */,
			);
			path = Errors;
			sourceTree = "<group>";
		};
		3086F1142AF5694A0089FA33 /* Base */ = {
			isa = PBXGroup;
			children = (
				3086F1102AF569040089FA33 /* Router.swift */,
				3086F10E2AF568E90089FA33 /* Service.swift */,
			);
			path = Base;
			sourceTree = "<group>";
		};
		3086F1172AF56BC50089FA33 /* UI Layer */ = {
			isa = PBXGroup;
			children = (
				30C552062AF6C329005D1DB8 /* Components */,
				3086F1152AF56AA30089FA33 /* MainCoordinator.swift */,
				3086F1182AF56BF90089FA33 /* PokemonsCoordinator.swift */,
				3042A89C2AF91B9D00D65D54 /* Settings */,
				3042A89B2AF91B8D00D65D54 /* PokemonDetail */,
				3042A89A2AF91B8100D65D54 /* Pokemons */,
			);
			path = "UI Layer";
			sourceTree = "<group>";
		};
		3086F1262AF56D290089FA33 /* Helpers */ = {
			isa = PBXGroup;
			children = (
				3086F1202AF56D1C0089FA33 /* NavigationPropagation.swift */,
				3042A8942AF908B300D65D54 /* Ext+CGPoint.swift */,
				3086F1222AF56D1C0089FA33 /* HostingController.swift */,
				30B2FA372AF692CB00B9D94D /* Fonts.swift */,
			);
			path = Helpers;
			sourceTree = "<group>";
		};
		309659A42AF55DEE00B2BE78 = {
			isa = PBXGroup;
			children = (
				309659AF2AF55DEE00B2BE78 /* Pokedex */,
				305FB34B2AFBD72B003804B8 /* PokedexTests */,
				309659AE2AF55DEE00B2BE78 /* Products */,
			);
			sourceTree = "<group>";
		};
		309659AE2AF55DEE00B2BE78 /* Products */ = {
			isa = PBXGroup;
			children = (
				309659AD2AF55DEE00B2BE78 /* Pokedex.app */,
				305FB34A2AFBD72B003804B8 /* PokedexTests.xctest */,
			);
			name = Products;
			sourceTree = "<group>";
		};
		309659AF2AF55DEE00B2BE78 /* Pokedex */ = {
			isa = PBXGroup;
			children = (
				309659B02AF55DEE00B2BE78 /* AppDelegate.swift */,
				309659B22AF55DEE00B2BE78 /* SceneDelegate.swift */,
				30B2FA292AF64BD900B9D94D /* Errors */,
				3086F1062AF568310089FA33 /* Networking */,
				30B2FA242AF64B9100B9D94D /* Model */,
				3086F1172AF56BC50089FA33 /* UI Layer */,
				304B41AE2AFD175600B2803B /* Services */,
				305FB3452AFBD07E003804B8 /* Mocks */,
				3086F1262AF56D290089FA33 /* Helpers */,
				309659B92AF55DEF00B2BE78 /* Assets.xcassets */,
				304B41AA2AFD12CD00B2803B /* pikachu.mp3 */,
				30B2FA3B2AF6B3CD00B9D94D /* Assets.swift */,
				30DBD81A2AF82B810069F25A /* Colors.swift */,
				30B2FA202AF64A2D00B9D94D /* Localizable.strings */,
				30B2FA222AF64A4D00B9D94D /* Localization.swift */,
				309659BB2AF55DEF00B2BE78 /* LaunchScreen.storyboard */,
				309659BE2AF55DEF00B2BE78 /* Info.plist */,
			);
			path = Pokedex;
			sourceTree = "<group>";
		};
		30B2FA242AF64B9100B9D94D /* Model */ = {
			isa = PBXGroup;
			children = (
				30B2FA1A2AF640A200B9D94D /* Pokemon.swift */,
				3042A8962AF908FA00D65D54 /* PokemonConfig.swift */,
			);
			path = Model;
			sourceTree = "<group>";
		};
		30B2FA292AF64BD900B9D94D /* Errors */ = {
			isa = PBXGroup;
			children = (
				30B2FA252AF64BA700B9D94D /* Errors.swift */,
				30B2FA272AF64BC900B9D94D /* AlertConfig.swift */,
			);
			path = Errors;
			sourceTree = "<group>";
		};
		30C552062AF6C329005D1DB8 /* Components */ = {
			isa = PBXGroup;
			children = (
				30C552042AF6BE76005D1DB8 /* CapsuleText.swift */,
				30DBD81C2AF83A720069F25A /* VerticalLabel.swift */,
				30DBD81E2AF83DD20069F25A /* HorizontalLabel.swift */,
				3042A8922AF8F32D00D65D54 /* HeadLineLabel.swift */,
				3042A89F2AF91C6500D65D54 /* CapsuleButton.swift */,
				3042A8902AF8491600D65D54 /* GrayImage.swift */,
			);
			path = Components;
			sourceTree = "<group>";
		};
/* End PBXGroup section */

/* Begin PBXNativeTarget section */
		305FB3492AFBD72B003804B8 /* PokedexTests */ = {
			isa = PBXNativeTarget;
			buildConfigurationList = 305FB3502AFBD72B003804B8 /* Build configuration list for PBXNativeTarget "PokedexTests" */;
			buildPhases = (
				305FB3462AFBD72B003804B8 /* Sources */,
				305FB3472AFBD72B003804B8 /* Frameworks */,
				305FB3482AFBD72B003804B8 /* Resources */,
			);
			buildRules = (
			);
			dependencies = (
				305FB34F2AFBD72B003804B8 /* PBXTargetDependency */,
			);
			name = PokedexTests;
			productName = PokedexTests;
			productReference = 305FB34A2AFBD72B003804B8 /* PokedexTests.xctest */;
			productType = "com.apple.product-type.bundle.unit-test";
		};
		309659AC2AF55DEE00B2BE78 /* Pokedex */ = {
			isa = PBXNativeTarget;
			buildConfigurationList = 309659C12AF55DEF00B2BE78 /* Build configuration list for PBXNativeTarget "Pokedex" */;
			buildPhases = (
				309659C42AF55F9000B2BE78 /* Swift Lint */,
				309659A92AF55DEE00B2BE78 /* Sources */,
				309659AA2AF55DEE00B2BE78 /* Frameworks */,
				309659AB2AF55DEE00B2BE78 /* Resources */,
				309659C52AF55FC400B2BE78 /* Swift format */,
			);
			buildRules = (
			);
			dependencies = (
			);
			name = Pokedex;
			packageProductDependencies = (
				30B2FA2D2AF6508500B9D94D /* Nuke */,
				30B2FA2F2AF6508500B9D94D /* NukeExtensions */,
				30B2FA312AF6508500B9D94D /* NukeUI */,
				30B2FA332AF6508500B9D94D /* NukeVideo */,
			);
			productName = Pokedex;
			productReference = 309659AD2AF55DEE00B2BE78 /* Pokedex.app */;
			productType = "com.apple.product-type.application";
		};
/* End PBXNativeTarget section */

/* Begin PBXProject section */
		309659A52AF55DEE00B2BE78 /* Project object */ = {
			isa = PBXProject;
			attributes = {
				BuildIndependentTargetsInParallel = 1;
				LastSwiftUpdateCheck = 1500;
				LastUpgradeCheck = 1500;
				TargetAttributes = {
					305FB3492AFBD72B003804B8 = {
						CreatedOnToolsVersion = 15.0.1;
						TestTargetID = 309659AC2AF55DEE00B2BE78;
					};
					309659AC2AF55DEE00B2BE78 = {
						CreatedOnToolsVersion = 15.0.1;
					};
				};
			};
			buildConfigurationList = 309659A82AF55DEE00B2BE78 /* Build configuration list for PBXProject "Pokedex" */;
			compatibilityVersion = "Xcode 14.0";
			developmentRegion = en;
			hasScannedForEncodings = 0;
			knownRegions = (
				en,
				Base,
			);
			mainGroup = 309659A42AF55DEE00B2BE78;
			packageReferences = (
				30B2FA2C2AF6508500B9D94D /* XCRemoteSwiftPackageReference "Nuke" */,
			);
			productRefGroup = 309659AE2AF55DEE00B2BE78 /* Products */;
			projectDirPath = "";
			projectRoot = "";
			targets = (
				309659AC2AF55DEE00B2BE78 /* Pokedex */,
				305FB3492AFBD72B003804B8 /* PokedexTests */,
			);
		};
/* End PBXProject section */

/* Begin PBXResourcesBuildPhase section */
		305FB3482AFBD72B003804B8 /* Resources */ = {
			isa = PBXResourcesBuildPhase;
			buildActionMask = 2147483647;
			files = (
			);
			runOnlyForDeploymentPostprocessing = 0;
		};
		309659AB2AF55DEE00B2BE78 /* Resources */ = {
			isa = PBXResourcesBuildPhase;
			buildActionMask = 2147483647;
			files = (
				309659BD2AF55DEF00B2BE78 /* LaunchScreen.storyboard in Resources */,
				30B2FA212AF64A2D00B9D94D /* Localizable.strings in Resources */,
				304B41AB2AFD12CD00B2803B /* pikachu.mp3 in Resources */,
				309659BA2AF55DEF00B2BE78 /* Assets.xcassets in Resources */,
			);
			runOnlyForDeploymentPostprocessing = 0;
		};
/* End PBXResourcesBuildPhase section */

/* Begin PBXShellScriptBuildPhase section */
		309659C42AF55F9000B2BE78 /* Swift Lint */ = {
			isa = PBXShellScriptBuildPhase;
			alwaysOutOfDate = 1;
			buildActionMask = 2147483647;
			files = (
			);
			inputFileListPaths = (
			);
			inputPaths = (
			);
			name = "Swift Lint";
			outputFileListPaths = (
			);
			outputPaths = (
			);
			runOnlyForDeploymentPostprocessing = 0;
			shellPath = /bin/sh;
			shellScript = "export PATH=\"$PATH:/opt/homebrew/bin\"\n\nif which swiftlint > /dev/null; then\n  swiftlint --config .swiftlint.yml\nelse\n  echo \"warning: SwiftLint not installed, download from https://github.com/realm/SwiftLint\"\nfi\n";
		};
		309659C52AF55FC400B2BE78 /* Swift format */ = {
			isa = PBXShellScriptBuildPhase;
			alwaysOutOfDate = 1;
			buildActionMask = 2147483647;
			files = (
			);
			inputFileListPaths = (
			);
			inputPaths = (
			);
			name = "Swift format";
			outputFileListPaths = (
			);
			outputPaths = (
			);
			runOnlyForDeploymentPostprocessing = 0;
			shellPath = /bin/sh;
			shellScript = "if [[ \"$(uname -m)\" == arm64 ]]; then\n    export PATH=\"/opt/homebrew/bin:$PATH\"\nfi\n\nif which swiftformat > /dev/null; then\n  swiftformat --swiftversion 5.0 .\nelse\n  echo \"warning: SwiftFormat not installed, download from https://github.com/nicklockwood/SwiftFormat\"\nfi\n";
		};
/* End PBXShellScriptBuildPhase section */

/* Begin PBXSourcesBuildPhase section */
		305FB3462AFBD72B003804B8 /* Sources */ = {
			isa = PBXSourcesBuildPhase;
			buildActionMask = 2147483647;
			files = (
				305FB3542AFBE7A9003804B8 /* PokemonCellViewModelTests.swift in Sources */,
				305FB3562AFCEA45003804B8 /* PokemonDetailViewModelTests.swift in Sources */,
				305FB34D2AFBD72B003804B8 /* PokemonsViewModelTests.swift in Sources */,
			);
			runOnlyForDeploymentPostprocessing = 0;
		};
		309659A92AF55DEE00B2BE78 /* Sources */ = {
			isa = PBXSourcesBuildPhase;
			buildActionMask = 2147483647;
			files = (
				3042A8912AF8491600D65D54 /* GrayImage.swift in Sources */,
				30B2FA382AF692CB00B9D94D /* Fonts.swift in Sources */,
				30DBD81F2AF83DD20069F25A /* HorizontalLabel.swift in Sources */,
				30DBD81B2AF82B810069F25A /* Colors.swift in Sources */,
				3086F11B2AF56C250089FA33 /* PokemonsView.swift in Sources */,
				3086F1162AF56AA30089FA33 /* MainCoordinator.swift in Sources */,
				305FB3442AFBD071003804B8 /* MockPokemonsAPI.swift in Sources */,
				3042A8A02AF91C6500D65D54 /* CapsuleButton.swift in Sources */,
				30B2FA2B2AF6505300B9D94D /* PokemonCell.swift in Sources */,
				30C552082AF7984D005D1DB8 /* PokemonDetailView.swift in Sources */,
				3086F1052AF5681E0089FA33 /* NetworkingExtensions.swift in Sources */,
				3042A8932AF8F32D00D65D54 /* HeadLineLabel.swift in Sources */,
				30B2FA262AF64BA700B9D94D /* Errors.swift in Sources */,
				3042A89E2AF91BD600D65D54 /* FilterViewModel.swift in Sources */,
				3042A8952AF908B300D65D54 /* Ext+CGPoint.swift in Sources */,
				30B2FA362AF658FE00B9D94D /* PokemonCellViewModel.swift in Sources */,
				30B2FA3C2AF6B3CD00B9D94D /* Assets.swift in Sources */,
				3086F1012AF567E00089FA33 /* APIRouter.swift in Sources */,
				30B2FA1B2AF640A200B9D94D /* Pokemon.swift in Sources */,
				3086F1232AF56D1C0089FA33 /* HostingController.swift in Sources */,
				30B2FA282AF64BC900B9D94D /* AlertConfig.swift in Sources */,
				3086F1112AF569040089FA33 /* Router.swift in Sources */,
				30C5520A2AF7A0BC005D1DB8 /* PokemonDetailViewModel.swift in Sources */,
				30B2FA232AF64A4D00B9D94D /* Localization.swift in Sources */,
				309659B12AF55DEE00B2BE78 /* AppDelegate.swift in Sources */,
				3086F1132AF5692B0089FA33 /* URLRequestBuilding.swift in Sources */,
				3042A8992AF9115B00D65D54 /* FilterView.swift in Sources */,
				305FB3582AFCF252003804B8 /* MockPokemon.swift in Sources */,
				30B2FA1D2AF644BC00B9D94D /* PokemonsAPI.swift in Sources */,
				30DBD81D2AF83A720069F25A /* VerticalLabel.swift in Sources */,
				3086F1082AF568620089FA33 /* APIError.swift in Sources */,
				3086F1242AF56D1C0089FA33 /* NavigationPropagation.swift in Sources */,
				3086F10A2AF568760089FA33 /* APIErrorCode.swift in Sources */,
				304B41B02AFD8D6500B2803B /* MockLocation.swift in Sources */,
				309659B32AF55DEE00B2BE78 /* SceneDelegate.swift in Sources */,
				3086F10F2AF568E90089FA33 /* Service.swift in Sources */,
				30C552052AF6BE76005D1DB8 /* CapsuleText.swift in Sources */,
				3086F10C2AF568880089FA33 /* APIErrorResponse.swift in Sources */,
				3086F1192AF56BF90089FA33 /* PokemonsCoordinator.swift in Sources */,
				3086F11D2AF56C3A0089FA33 /* PokemonsViewModel.swift in Sources */,
				30B2FA1F2AF6459C00B9D94D /* PokemonsDataRouter.swift in Sources */,
				3042A8972AF908FA00D65D54 /* PokemonConfig.swift in Sources */,
				3086F0FF2AF567BF0089FA33 /* APIClient.swift in Sources */,
			);
			runOnlyForDeploymentPostprocessing = 0;
		};
/* End PBXSourcesBuildPhase section */

/* Begin PBXTargetDependency section */
		305FB34F2AFBD72B003804B8 /* PBXTargetDependency */ = {
			isa = PBXTargetDependency;
			target = 309659AC2AF55DEE00B2BE78 /* Pokedex */;
			targetProxy = 305FB34E2AFBD72B003804B8 /* PBXContainerItemProxy */;
		};
/* End PBXTargetDependency section */

/* Begin PBXVariantGroup section */
		309659BB2AF55DEF00B2BE78 /* LaunchScreen.storyboard */ = {
			isa = PBXVariantGroup;
			children = (
				309659BC2AF55DEF00B2BE78 /* Base */,
			);
			name = LaunchScreen.storyboard;
			sourceTree = "<group>";
		};
/* End PBXVariantGroup section */

/* Begin XCBuildConfiguration section */
		305FB3512AFBD72B003804B8 /* Debug */ = {
			isa = XCBuildConfiguration;
			buildSettings = {
				BUNDLE_LOADER = "$(TEST_HOST)";
				CODE_SIGN_STYLE = Automatic;
				CURRENT_PROJECT_VERSION = 1;
				DEVELOPMENT_TEAM = RNQNWA79SV;
				GENERATE_INFOPLIST_FILE = YES;
				IPHONEOS_DEPLOYMENT_TARGET = 17.0;
				MARKETING_VERSION = 1.0;
				PRODUCT_BUNDLE_IDENTIFIER = com.kaffka.PokedexTests;
				PRODUCT_NAME = "$(TARGET_NAME)";
				SWIFT_EMIT_LOC_STRINGS = NO;
				SWIFT_VERSION = 5.0;
				TARGETED_DEVICE_FAMILY = "1,2";
				TEST_HOST = "$(BUILT_PRODUCTS_DIR)/Pokedex.app/$(BUNDLE_EXECUTABLE_FOLDER_PATH)/Pokedex";
			};
			name = Debug;
		};
		305FB3522AFBD72B003804B8 /* Release */ = {
			isa = XCBuildConfiguration;
			buildSettings = {
				BUNDLE_LOADER = "$(TEST_HOST)";
				CODE_SIGN_STYLE = Automatic;
				CURRENT_PROJECT_VERSION = 1;
				DEVELOPMENT_TEAM = RNQNWA79SV;
				GENERATE_INFOPLIST_FILE = YES;
				IPHONEOS_DEPLOYMENT_TARGET = 17.0;
				MARKETING_VERSION = 1.0;
				PRODUCT_BUNDLE_IDENTIFIER = com.kaffka.PokedexTests;
				PRODUCT_NAME = "$(TARGET_NAME)";
				SWIFT_EMIT_LOC_STRINGS = NO;
				SWIFT_VERSION = 5.0;
				TARGETED_DEVICE_FAMILY = "1,2";
				TEST_HOST = "$(BUILT_PRODUCTS_DIR)/Pokedex.app/$(BUNDLE_EXECUTABLE_FOLDER_PATH)/Pokedex";
			};
			name = Release;
		};
		309659BF2AF55DEF00B2BE78 /* Debug */ = {
			isa = XCBuildConfiguration;
			buildSettings = {
				ALWAYS_SEARCH_USER_PATHS = NO;
				ASSETCATALOG_COMPILER_GENERATE_SWIFT_ASSET_SYMBOL_EXTENSIONS = YES;
				CLANG_ANALYZER_NONNULL = YES;
				CLANG_ANALYZER_NUMBER_OBJECT_CONVERSION = YES_AGGRESSIVE;
				CLANG_CXX_LANGUAGE_STANDARD = "gnu++20";
				CLANG_ENABLE_MODULES = YES;
				CLANG_ENABLE_OBJC_ARC = YES;
				CLANG_ENABLE_OBJC_WEAK = YES;
				CLANG_WARN_BLOCK_CAPTURE_AUTORELEASING = YES;
				CLANG_WARN_BOOL_CONVERSION = YES;
				CLANG_WARN_COMMA = YES;
				CLANG_WARN_CONSTANT_CONVERSION = YES;
				CLANG_WARN_DEPRECATED_OBJC_IMPLEMENTATIONS = YES;
				CLANG_WARN_DIRECT_OBJC_ISA_USAGE = YES_ERROR;
				CLANG_WARN_DOCUMENTATION_COMMENTS = YES;
				CLANG_WARN_EMPTY_BODY = YES;
				CLANG_WARN_ENUM_CONVERSION = YES;
				CLANG_WARN_INFINITE_RECURSION = YES;
				CLANG_WARN_INT_CONVERSION = YES;
				CLANG_WARN_NON_LITERAL_NULL_CONVERSION = YES;
				CLANG_WARN_OBJC_IMPLICIT_RETAIN_SELF = YES;
				CLANG_WARN_OBJC_LITERAL_CONVERSION = YES;
				CLANG_WARN_OBJC_ROOT_CLASS = YES_ERROR;
				CLANG_WARN_QUOTED_INCLUDE_IN_FRAMEWORK_HEADER = YES;
				CLANG_WARN_RANGE_LOOP_ANALYSIS = YES;
				CLANG_WARN_STRICT_PROTOTYPES = YES;
				CLANG_WARN_SUSPICIOUS_MOVE = YES;
				CLANG_WARN_UNGUARDED_AVAILABILITY = YES_AGGRESSIVE;
				CLANG_WARN_UNREACHABLE_CODE = YES;
				CLANG_WARN__DUPLICATE_METHOD_MATCH = YES;
				COPY_PHASE_STRIP = NO;
				DEBUG_INFORMATION_FORMAT = dwarf;
				ENABLE_STRICT_OBJC_MSGSEND = YES;
				ENABLE_TESTABILITY = YES;
				ENABLE_USER_SCRIPT_SANDBOXING = YES;
				GCC_C_LANGUAGE_STANDARD = gnu17;
				GCC_DYNAMIC_NO_PIC = NO;
				GCC_NO_COMMON_BLOCKS = YES;
				GCC_OPTIMIZATION_LEVEL = 0;
				GCC_PREPROCESSOR_DEFINITIONS = (
					"DEBUG=1",
					"$(inherited)",
				);
				GCC_WARN_64_TO_32_BIT_CONVERSION = YES;
				GCC_WARN_ABOUT_RETURN_TYPE = YES_ERROR;
				GCC_WARN_UNDECLARED_SELECTOR = YES;
				GCC_WARN_UNINITIALIZED_AUTOS = YES_AGGRESSIVE;
				GCC_WARN_UNUSED_FUNCTION = YES;
				GCC_WARN_UNUSED_VARIABLE = YES;
				IPHONEOS_DEPLOYMENT_TARGET = 16.4;
				LOCALIZATION_PREFERS_STRING_CATALOGS = YES;
				MTL_ENABLE_DEBUG_INFO = INCLUDE_SOURCE;
				MTL_FAST_MATH = YES;
				ONLY_ACTIVE_ARCH = YES;
				SDKROOT = iphoneos;
				SWIFT_ACTIVE_COMPILATION_CONDITIONS = "DEBUG $(inherited)";
				SWIFT_OPTIMIZATION_LEVEL = "-Onone";
			};
			name = Debug;
		};
		309659C02AF55DEF00B2BE78 /* Release */ = {
			isa = XCBuildConfiguration;
			buildSettings = {
				ALWAYS_SEARCH_USER_PATHS = NO;
				ASSETCATALOG_COMPILER_GENERATE_SWIFT_ASSET_SYMBOL_EXTENSIONS = YES;
				CLANG_ANALYZER_NONNULL = YES;
				CLANG_ANALYZER_NUMBER_OBJECT_CONVERSION = YES_AGGRESSIVE;
				CLANG_CXX_LANGUAGE_STANDARD = "gnu++20";
				CLANG_ENABLE_MODULES = YES;
				CLANG_ENABLE_OBJC_ARC = YES;
				CLANG_ENABLE_OBJC_WEAK = YES;
				CLANG_WARN_BLOCK_CAPTURE_AUTORELEASING = YES;
				CLANG_WARN_BOOL_CONVERSION = YES;
				CLANG_WARN_COMMA = YES;
				CLANG_WARN_CONSTANT_CONVERSION = YES;
				CLANG_WARN_DEPRECATED_OBJC_IMPLEMENTATIONS = YES;
				CLANG_WARN_DIRECT_OBJC_ISA_USAGE = YES_ERROR;
				CLANG_WARN_DOCUMENTATION_COMMENTS = YES;
				CLANG_WARN_EMPTY_BODY = YES;
				CLANG_WARN_ENUM_CONVERSION = YES;
				CLANG_WARN_INFINITE_RECURSION = YES;
				CLANG_WARN_INT_CONVERSION = YES;
				CLANG_WARN_NON_LITERAL_NULL_CONVERSION = YES;
				CLANG_WARN_OBJC_IMPLICIT_RETAIN_SELF = YES;
				CLANG_WARN_OBJC_LITERAL_CONVERSION = YES;
				CLANG_WARN_OBJC_ROOT_CLASS = YES_ERROR;
				CLANG_WARN_QUOTED_INCLUDE_IN_FRAMEWORK_HEADER = YES;
				CLANG_WARN_RANGE_LOOP_ANALYSIS = YES;
				CLANG_WARN_STRICT_PROTOTYPES = YES;
				CLANG_WARN_SUSPICIOUS_MOVE = YES;
				CLANG_WARN_UNGUARDED_AVAILABILITY = YES_AGGRESSIVE;
				CLANG_WARN_UNREACHABLE_CODE = YES;
				CLANG_WARN__DUPLICATE_METHOD_MATCH = YES;
				COPY_PHASE_STRIP = NO;
				DEBUG_INFORMATION_FORMAT = "dwarf-with-dsym";
				ENABLE_NS_ASSERTIONS = NO;
				ENABLE_STRICT_OBJC_MSGSEND = YES;
				ENABLE_USER_SCRIPT_SANDBOXING = YES;
				GCC_C_LANGUAGE_STANDARD = gnu17;
				GCC_NO_COMMON_BLOCKS = YES;
				GCC_WARN_64_TO_32_BIT_CONVERSION = YES;
				GCC_WARN_ABOUT_RETURN_TYPE = YES_ERROR;
				GCC_WARN_UNDECLARED_SELECTOR = YES;
				GCC_WARN_UNINITIALIZED_AUTOS = YES_AGGRESSIVE;
				GCC_WARN_UNUSED_FUNCTION = YES;
				GCC_WARN_UNUSED_VARIABLE = YES;
				IPHONEOS_DEPLOYMENT_TARGET = 16.4;
				LOCALIZATION_PREFERS_STRING_CATALOGS = YES;
				MTL_ENABLE_DEBUG_INFO = NO;
				MTL_FAST_MATH = YES;
				SDKROOT = iphoneos;
				SWIFT_COMPILATION_MODE = wholemodule;
				VALIDATE_PRODUCT = YES;
			};
			name = Release;
		};
		309659C22AF55DEF00B2BE78 /* Debug */ = {
			isa = XCBuildConfiguration;
			buildSettings = {
				ASSETCATALOG_COMPILER_APPICON_NAME = AppIcon;
				ASSETCATALOG_COMPILER_GLOBAL_ACCENT_COLOR_NAME = AccentColor;
				CODE_SIGN_STYLE = Automatic;
				CURRENT_PROJECT_VERSION = 1;
				DEVELOPMENT_TEAM = RNQNWA79SV;
				ENABLE_USER_SCRIPT_SANDBOXING = NO;
				GENERATE_INFOPLIST_FILE = YES;
				INFOPLIST_FILE = Pokedex/Info.plist;
				INFOPLIST_KEY_LSApplicationCategoryType = "";
				INFOPLIST_KEY_NSLocationWhenInUseUsageDescription = "";
				INFOPLIST_KEY_UIApplicationSupportsIndirectInputEvents = YES;
				INFOPLIST_KEY_UILaunchStoryboardName = LaunchScreen;
				INFOPLIST_KEY_UISupportedInterfaceOrientations_iPad = "UIInterfaceOrientationPortrait UIInterfaceOrientationPortraitUpsideDown UIInterfaceOrientationLandscapeLeft UIInterfaceOrientationLandscapeRight";
				INFOPLIST_KEY_UISupportedInterfaceOrientations_iPhone = "UIInterfaceOrientationPortrait UIInterfaceOrientationLandscapeLeft UIInterfaceOrientationLandscapeRight";
				LD_RUNPATH_SEARCH_PATHS = (
					"$(inherited)",
					"@executable_path/Frameworks",
				);
				MARKETING_VERSION = 1.0;
				PRODUCT_BUNDLE_IDENTIFIER = com.kaffka.Pokedex;
				PRODUCT_NAME = "$(TARGET_NAME)";
				SWIFT_EMIT_LOC_STRINGS = YES;
				SWIFT_VERSION = 5.0;
				TARGETED_DEVICE_FAMILY = "1,2";
			};
			name = Debug;
		};
		309659C32AF55DEF00B2BE78 /* Release */ = {
			isa = XCBuildConfiguration;
			buildSettings = {
				ASSETCATALOG_COMPILER_APPICON_NAME = AppIcon;
				ASSETCATALOG_COMPILER_GLOBAL_ACCENT_COLOR_NAME = AccentColor;
				CODE_SIGN_STYLE = Automatic;
				CURRENT_PROJECT_VERSION = 1;
				DEVELOPMENT_TEAM = RNQNWA79SV;
				ENABLE_USER_SCRIPT_SANDBOXING = NO;
				GENERATE_INFOPLIST_FILE = YES;
				INFOPLIST_FILE = Pokedex/Info.plist;
				INFOPLIST_KEY_LSApplicationCategoryType = "";
				INFOPLIST_KEY_NSLocationWhenInUseUsageDescription = "";
				INFOPLIST_KEY_UIApplicationSupportsIndirectInputEvents = YES;
				INFOPLIST_KEY_UILaunchStoryboardName = LaunchScreen;
				INFOPLIST_KEY_UISupportedInterfaceOrientations_iPad = "UIInterfaceOrientationPortrait UIInterfaceOrientationPortraitUpsideDown UIInterfaceOrientationLandscapeLeft UIInterfaceOrientationLandscapeRight";
				INFOPLIST_KEY_UISupportedInterfaceOrientations_iPhone = "UIInterfaceOrientationPortrait UIInterfaceOrientationLandscapeLeft UIInterfaceOrientationLandscapeRight";
				LD_RUNPATH_SEARCH_PATHS = (
					"$(inherited)",
					"@executable_path/Frameworks",
				);
				MARKETING_VERSION = 1.0;
				PRODUCT_BUNDLE_IDENTIFIER = com.kaffka.Pokedex;
				PRODUCT_NAME = "$(TARGET_NAME)";
				SWIFT_EMIT_LOC_STRINGS = YES;
				SWIFT_VERSION = 5.0;
				TARGETED_DEVICE_FAMILY = "1,2";
			};
			name = Release;
		};
/* End XCBuildConfiguration section */

/* Begin XCConfigurationList section */
		305FB3502AFBD72B003804B8 /* Build configuration list for PBXNativeTarget "PokedexTests" */ = {
			isa = XCConfigurationList;
			buildConfigurations = (
				305FB3512AFBD72B003804B8 /* Debug */,
				305FB3522AFBD72B003804B8 /* Release */,
			);
			defaultConfigurationIsVisible = 0;
			defaultConfigurationName = Release;
		};
		309659A82AF55DEE00B2BE78 /* Build configuration list for PBXProject "Pokedex" */ = {
			isa = XCConfigurationList;
			buildConfigurations = (
				309659BF2AF55DEF00B2BE78 /* Debug */,
				309659C02AF55DEF00B2BE78 /* Release */,
			);
			defaultConfigurationIsVisible = 0;
			defaultConfigurationName = Release;
		};
		309659C12AF55DEF00B2BE78 /* Build configuration list for PBXNativeTarget "Pokedex" */ = {
			isa = XCConfigurationList;
			buildConfigurations = (
				309659C22AF55DEF00B2BE78 /* Debug */,
				309659C32AF55DEF00B2BE78 /* Release */,
			);
			defaultConfigurationIsVisible = 0;
			defaultConfigurationName = Release;
		};
/* End XCConfigurationList section */

/* Begin XCRemoteSwiftPackageReference section */
		30B2FA2C2AF6508500B9D94D /* XCRemoteSwiftPackageReference "Nuke" */ = {
			isa = XCRemoteSwiftPackageReference;
			repositoryURL = "https://github.com/kean/Nuke.git";
			requirement = {
				kind = upToNextMajorVersion;
				minimumVersion = 12.1.6;
			};
		};
/* End XCRemoteSwiftPackageReference section */

/* Begin XCSwiftPackageProductDependency section */
		30B2FA2D2AF6508500B9D94D /* Nuke */ = {
			isa = XCSwiftPackageProductDependency;
			package = 30B2FA2C2AF6508500B9D94D /* XCRemoteSwiftPackageReference "Nuke" */;
			productName = Nuke;
		};
		30B2FA2F2AF6508500B9D94D /* NukeExtensions */ = {
			isa = XCSwiftPackageProductDependency;
			package = 30B2FA2C2AF6508500B9D94D /* XCRemoteSwiftPackageReference "Nuke" */;
			productName = NukeExtensions;
		};
		30B2FA312AF6508500B9D94D /* NukeUI */ = {
			isa = XCSwiftPackageProductDependency;
			package = 30B2FA2C2AF6508500B9D94D /* XCRemoteSwiftPackageReference "Nuke" */;
			productName = NukeUI;
		};
		30B2FA332AF6508500B9D94D /* NukeVideo */ = {
			isa = XCSwiftPackageProductDependency;
			package = 30B2FA2C2AF6508500B9D94D /* XCRemoteSwiftPackageReference "Nuke" */;
			productName = NukeVideo;
		};
/* End XCSwiftPackageProductDependency section */
	};
	rootObject = 309659A52AF55DEE00B2BE78 /* Project object */;
}
